version: 6
environments:
  default:
    channels:
    - url: https://conda.anaconda.org/conda-forge/
    options:
      pypi-prerelease-mode: if-necessary-or-explicit
    packages:
      linux-64:
      - conda: https://conda.anaconda.org/conda-forge/linux-64/_openmp_mutex-4.5-20_gnu.conda
      - conda: https://conda.anaconda.org/conda-forge/linux-64/c-ares-1.34.6-hb03c661_0.conda
      - conda: https://conda.anaconda.org/conda-forge/noarch/ca-certificates-2026.2.25-hbd8a1cb_0.conda
      - conda: https://conda.anaconda.org/conda-forge/linux-64/dart-sass-1.98.0-hfc2019e_0.conda
      - conda: https://conda.anaconda.org/conda-forge/linux-64/hugo-0.145.0-h9a0b160_0.conda
      - conda: https://conda.anaconda.org/conda-forge/linux-64/icu-78.3-h33c6efd_0.conda
      - conda: https://conda.anaconda.org/conda-forge/linux-64/libabseil-20260107.1-cxx17_h7b12aa8_0.conda
      - conda: https://conda.anaconda.org/conda-forge/linux-64/libbrotlicommon-1.2.0-hb03c661_1.conda
      - conda: https://conda.anaconda.org/conda-forge/linux-64/libbrotlidec-1.2.0-hb03c661_1.conda
      - conda: https://conda.anaconda.org/conda-forge/linux-64/libbrotlienc-1.2.0-hb03c661_1.conda
      - conda: https://conda.anaconda.org/conda-forge/linux-64/libev-4.33-hd590300_2.conda
      - conda: https://conda.anaconda.org/conda-forge/linux-64/libgcc-15.2.0-he0feb66_18.conda
      - conda: https://conda.anaconda.org/conda-forge/linux-64/libgcc-ng-15.2.0-h69a702a_18.conda
      - conda: https://conda.anaconda.org/conda-forge/linux-64/libgomp-15.2.0-he0feb66_18.conda
      - conda: https://conda.anaconda.org/conda-forge/linux-64/libnghttp2-1.68.1-h877daf1_0.conda
      - conda: https://conda.anaconda.org/conda-forge/linux-64/libsqlite-3.53.0-hf4e2dac_0.conda
      - conda: https://conda.anaconda.org/conda-forge/linux-64/libstdcxx-15.2.0-h934c35e_18.conda
      - conda: https://conda.anaconda.org/conda-forge/linux-64/libuv-1.51.0-hb03c661_1.conda
      - conda: https://conda.anaconda.org/conda-forge/linux-64/libzlib-1.3.2-h25fd6f3_2.conda
      - conda: https://conda.anaconda.org/conda-forge/linux-64/nodejs-25.8.2-he4ff34a_0.conda
      - conda: https://conda.anaconda.org/conda-forge/linux-64/openssl-3.6.2-h35e630c_0.conda
      - conda: https://conda.anaconda.org/conda-forge/linux-64/zstd-1.5.7-hb78ec9c_6.conda
      osx-64:
      - conda: https://conda.anaconda.org/conda-forge/osx-64/c-ares-1.34.6-hb5e19a0_0.conda
      - conda: https://conda.anaconda.org/conda-forge/noarch/ca-certificates-2026.2.25-hbd8a1cb_0.conda
      - conda: https://conda.anaconda.org/conda-forge/osx-64/dart-sass-1.98.0-h8822bef_0.conda
      - conda: https://conda.anaconda.org/conda-forge/osx-64/hugo-0.145.0-hba536fe_0.conda
      - conda: https://conda.anaconda.org/conda-forge/osx-64/icu-78.3-h25d91c4_0.conda
      - conda: https://conda.anaconda.org/conda-forge/osx-64/libabseil-20260107.1-cxx17_h7ed6875_0.conda
      - conda: https://conda.anaconda.org/conda-forge/osx-64/libbrotlicommon-1.2.0-h8616949_1.conda
      - conda: https://conda.anaconda.org/conda-forge/osx-64/libbrotlidec-1.2.0-h8616949_1.conda
      - conda: https://conda.anaconda.org/conda-forge/osx-64/libbrotlienc-1.2.0-h8616949_1.conda
      - conda: https://conda.anaconda.org/conda-forge/osx-64/libcxx-22.1.3-h19cb2f5_0.conda
      - conda: https://conda.anaconda.org/conda-forge/osx-64/libev-4.33-h10d778d_2.conda
      - conda: https://conda.anaconda.org/conda-forge/osx-64/libnghttp2-1.68.1-h70048d4_0.conda
      - conda: https://conda.anaconda.org/conda-forge/osx-64/libsqlite-3.53.0-h8f8c405_0.conda
      - conda: https://conda.anaconda.org/conda-forge/osx-64/libuv-1.51.0-h58003a5_1.conda
      - conda: https://conda.anaconda.org/conda-forge/osx-64/libzlib-1.3.2-hbb4bfdb_2.conda
      - conda: https://conda.anaconda.org/conda-forge/osx-64/nodejs-25.8.2-hf3170e9_0.conda
      - conda: https://conda.anaconda.org/conda-forge/osx-64/openssl-3.6.2-hc881268_0.conda
      - conda: https://conda.anaconda.org/conda-forge/osx-64/zstd-1.5.7-h3eecb57_6.conda
      osx-arm64:
      - conda: https://conda.anaconda.org/conda-forge/osx-arm64/c-ares-1.34.6-hc919400_0.conda
      - conda: https://conda.anaconda.org/conda-forge/noarch/ca-certificates-2026.2.25-hbd8a1cb_0.conda
      - conda: https://conda.anaconda.org/conda-forge/osx-arm64/dart-sass-1.98.0-h820172f_0.conda
      - conda: https://conda.anaconda.org/conda-forge/osx-arm64/hugo-0.145.0-h286801f_0.conda
      - conda: https://conda.anaconda.org/conda-forge/osx-arm64/icu-78.3-hef89b57_0.conda
      - conda: https://conda.anaconda.org/conda-forge/osx-arm64/libabseil-20260107.1-cxx17_h2062a1b_0.conda
      - conda: https://conda.anaconda.org/conda-forge/osx-arm64/libbrotlicommon-1.2.0-hc919400_1.conda
      - conda: https://conda.anaconda.org/conda-forge/osx-arm64/libbrotlidec-1.2.0-hc919400_1.conda
      - conda: https://conda.anaconda.org/conda-forge/osx-arm64/libbrotlienc-1.2.0-hc919400_1.conda
      - conda: https://conda.anaconda.org/conda-forge/osx-arm64/libcxx-22.1.3-h55c6f16_0.conda
      - conda: https://conda.anaconda.org/conda-forge/osx-arm64/libev-4.33-h93a5062_2.conda
      - conda: https://conda.anaconda.org/conda-forge/osx-arm64/libnghttp2-1.68.1-h8f3e76b_0.conda
      - conda: https://conda.anaconda.org/conda-forge/osx-arm64/libsqlite-3.53.0-h1b79a29_0.conda
      - conda: https://conda.anaconda.org/conda-forge/osx-arm64/libuv-1.51.0-h6caf38d_1.conda
      - conda: https://conda.anaconda.org/conda-forge/osx-arm64/libzlib-1.3.2-h8088a28_2.conda
      - conda: https://conda.anaconda.org/conda-forge/osx-arm64/nodejs-25.8.2-h7039424_0.conda
      - conda: https://conda.anaconda.org/conda-forge/osx-arm64/openssl-3.6.2-hd24854e_0.conda
      - conda: https://conda.anaconda.org/conda-forge/osx-arm64/zstd-1.5.7-hbf9d68e_6.conda
      win-64:
      - conda: https://conda.anaconda.org/conda-forge/win-64/dart-sass-1.98.0-h11686cb_0.conda
      - conda: https://conda.anaconda.org/conda-forge/win-64/hugo-0.145.0-ha2862d8_0.conda
      - conda: https://conda.anaconda.org/conda-forge/win-64/nodejs-25.8.2-h80d1838_0.conda
      - conda: https://conda.anaconda.org/conda-forge/win-64/ucrt-10.0.26100.0-h57928b3_0.conda
  lint:
    channels:
    - url: https://conda.anaconda.org/conda-forge/
    options:
      pypi-prerelease-mode: if-necessary-or-explicit
    packages:
      linux-64:
      - conda: https://conda.anaconda.org/conda-forge/linux-64/_openmp_mutex-4.5-20_gnu.conda
      - conda: https://conda.anaconda.org/conda-forge/linux-64/actionlint-1.7.12-h8bc977c_0.conda
      - conda: https://conda.anaconda.org/conda-forge/linux-64/c-ares-1.34.6-hb03c661_0.conda
      - conda: https://conda.anaconda.org/conda-forge/noarch/ca-certificates-2026.2.25-hbd8a1cb_0.conda
      - conda: https://conda.anaconda.org/conda-forge/linux-64/dart-sass-1.98.0-hfc2019e_0.conda
      - conda: https://conda.anaconda.org/conda-forge/noarch/eslint-10.2.1-hee61e0b_0.conda
      - conda: https://conda.anaconda.org/conda-forge/linux-64/hugo-0.145.0-h9a0b160_0.conda
      - conda: https://conda.anaconda.org/conda-forge/linux-64/icu-78.3-h33c6efd_0.conda
      - conda: https://conda.anaconda.org/conda-forge/linux-64/lefthook-2.1.6-hfc2019e_0.conda
      - conda: https://conda.anaconda.org/conda-forge/linux-64/libbrotlicommon-1.2.0-hb03c661_1.conda
      - conda: https://conda.anaconda.org/conda-forge/linux-64/libbrotlidec-1.2.0-hb03c661_1.conda
      - conda: https://conda.anaconda.org/conda-forge/linux-64/libbrotlienc-1.2.0-hb03c661_1.conda
      - conda: https://conda.anaconda.org/conda-forge/linux-64/libev-4.33-hd590300_2.conda
      - conda: https://conda.anaconda.org/conda-forge/linux-64/libgcc-15.2.0-he0feb66_18.conda
      - conda: https://conda.anaconda.org/conda-forge/linux-64/libgcc-ng-15.2.0-h69a702a_18.conda
      - conda: https://conda.anaconda.org/conda-forge/linux-64/libgomp-15.2.0-he0feb66_18.conda
      - conda: https://conda.anaconda.org/conda-forge/linux-64/libnghttp2-1.68.1-h877daf1_0.conda
      - conda: https://conda.anaconda.org/conda-forge/linux-64/libsqlite-3.53.0-hf4e2dac_0.conda
      - conda: https://conda.anaconda.org/conda-forge/linux-64/libstdcxx-15.2.0-h934c35e_18.conda
      - conda: https://conda.anaconda.org/conda-forge/linux-64/libuv-1.51.0-hb03c661_1.conda
      - conda: https://conda.anaconda.org/conda-forge/linux-64/libzlib-1.3.2-h25fd6f3_2.conda
      - conda: https://conda.anaconda.org/conda-forge/linux-64/nodejs-24.14.1-h3d65ac4_0.conda
      - conda: https://conda.anaconda.org/conda-forge/linux-64/openssl-3.6.2-h35e630c_0.conda
      - conda: https://conda.anaconda.org/conda-forge/linux-64/prettier-3.8.3-h7e4c9f4_0.conda
      - conda: https://conda.anaconda.org/conda-forge/linux-64/taplo-0.10.0-h2d22210_1.conda
      - conda: https://conda.anaconda.org/conda-forge/linux-64/zstd-1.5.7-hb78ec9c_6.conda
      osx-64:
      - conda: https://conda.anaconda.org/conda-forge/osx-64/actionlint-1.7.12-h5220d24_0.conda
      - conda: https://conda.anaconda.org/conda-forge/osx-64/c-ares-1.34.6-hb5e19a0_0.conda
      - conda: https://conda.anaconda.org/conda-forge/noarch/ca-certificates-2026.2.25-hbd8a1cb_0.conda
      - conda: https://conda.anaconda.org/conda-forge/osx-64/dart-sass-1.98.0-h8822bef_0.conda
      - conda: https://conda.anaconda.org/conda-forge/noarch/eslint-10.2.1-hee61e0b_0.conda
      - conda: https://conda.anaconda.org/conda-forge/osx-64/hugo-0.145.0-hba536fe_0.conda
      - conda: https://conda.anaconda.org/conda-forge/osx-64/icu-78.3-h25d91c4_0.conda
      - conda: https://conda.anaconda.org/conda-forge/osx-64/lefthook-2.1.6-h5839d16_0.conda
      - conda: https://conda.anaconda.org/conda-forge/osx-64/libbrotlicommon-1.2.0-h8616949_1.conda
      - conda: https://conda.anaconda.org/conda-forge/osx-64/libbrotlidec-1.2.0-h8616949_1.conda
      - conda: https://conda.anaconda.org/conda-forge/osx-64/libbrotlienc-1.2.0-h8616949_1.conda
      - conda: https://conda.anaconda.org/conda-forge/osx-64/libcxx-22.1.3-h19cb2f5_0.conda
      - conda: https://conda.anaconda.org/conda-forge/osx-64/libev-4.33-h10d778d_2.conda
      - conda: https://conda.anaconda.org/conda-forge/osx-64/libnghttp2-1.68.1-h70048d4_0.conda
      - conda: https://conda.anaconda.org/conda-forge/osx-64/libsqlite-3.53.0-h8f8c405_0.conda
      - conda: https://conda.anaconda.org/conda-forge/osx-64/libuv-1.51.0-h58003a5_1.conda
      - conda: https://conda.anaconda.org/conda-forge/osx-64/libzlib-1.3.2-hbb4bfdb_2.conda
      - conda: https://conda.anaconda.org/conda-forge/osx-64/nodejs-24.14.1-hc6dc384_0.conda
      - conda: https://conda.anaconda.org/conda-forge/osx-64/openssl-3.6.2-hc881268_0.conda
      - conda: https://conda.anaconda.org/conda-forge/osx-64/prettier-3.8.3-h810254c_0.conda
      - conda: https://conda.anaconda.org/conda-forge/osx-64/taplo-0.10.0-hffa81eb_1.conda
      - conda: https://conda.anaconda.org/conda-forge/osx-64/zstd-1.5.7-h3eecb57_6.conda
      osx-arm64:
      - conda: https://conda.anaconda.org/conda-forge/osx-arm64/actionlint-1.7.12-h7969508_0.conda
      - conda: https://conda.anaconda.org/conda-forge/noarch/ca-certificates-2026.2.25-hbd8a1cb_0.conda
      - conda: https://conda.anaconda.org/conda-forge/osx-arm64/dart-sass-1.98.0-h820172f_0.conda
      - conda: https://conda.anaconda.org/conda-forge/noarch/eslint-10.2.1-hee61e0b_0.conda
      - conda: https://conda.anaconda.org/conda-forge/osx-arm64/hugo-0.145.0-h286801f_0.conda
      - conda: https://conda.anaconda.org/conda-forge/osx-arm64/icu-78.3-hef89b57_0.conda
      - conda: https://conda.anaconda.org/conda-forge/osx-arm64/lefthook-2.1.6-hf76c51c_0.conda
      - conda: https://conda.anaconda.org/conda-forge/osx-arm64/libcxx-22.1.3-h55c6f16_0.conda
      - conda: https://conda.anaconda.org/conda-forge/osx-arm64/libuv-1.51.0-h6caf38d_1.conda
      - conda: https://conda.anaconda.org/conda-forge/osx-arm64/libzlib-1.3.2-h8088a28_2.conda
      - conda: https://conda.anaconda.org/conda-forge/osx-arm64/nodejs-22.22.2-h2e6c367_0.conda
      - conda: https://conda.anaconda.org/conda-forge/osx-arm64/openssl-3.6.2-hd24854e_0.conda
      - conda: https://conda.anaconda.org/conda-forge/osx-arm64/prettier-3.8.3-hb7b4bc5_0.conda
      - conda: https://conda.anaconda.org/conda-forge/osx-arm64/taplo-0.10.0-h2b2570c_1.conda
      win-64:
      - conda: https://conda.anaconda.org/conda-forge/win-64/actionlint-1.7.12-h11b0a5a_0.conda
      - conda: https://conda.anaconda.org/conda-forge/win-64/dart-sass-1.98.0-h11686cb_0.conda
      - conda: https://conda.anaconda.org/conda-forge/noarch/eslint-10.2.1-hee61e0b_0.conda
      - conda: https://conda.anaconda.org/conda-forge/win-64/hugo-0.145.0-ha2862d8_0.conda
      - conda: https://conda.anaconda.org/conda-forge/win-64/lefthook-2.1.6-h11686cb_0.conda
      - conda: https://conda.anaconda.org/conda-forge/win-64/nodejs-22.22.2-h80d1838_0.conda
      - conda: https://conda.anaconda.org/conda-forge/win-64/prettier-3.8.3-hc95d2ff_0.conda
      - conda: https://conda.anaconda.org/conda-forge/win-64/taplo-0.10.0-h63977a8_1.conda
      - conda: https://conda.anaconda.org/conda-forge/win-64/ucrt-10.0.26100.0-h57928b3_0.conda
      - conda: https://conda.anaconda.org/conda-forge/win-64/vc-14.3-h41ae7f8_34.conda
      - conda: https://conda.anaconda.org/conda-forge/win-64/vc14_runtime-14.44.35208-h818238b_34.conda
      - conda: https://conda.anaconda.org/conda-forge/win-64/vcomp14-14.44.35208-h818238b_34.conda
  tools:
    channels:
    - url: https://conda.anaconda.org/conda-forge/
    options:
      pypi-prerelease-mode: if-necessary-or-explicit
    packages: {}
packages:
- conda: https://conda.anaconda.org/conda-forge/linux-64/_openmp_mutex-4.5-20_gnu.conda
  build_number: 20
  sha256: 1dd3fffd892081df9726d7eb7e0dea6198962ba775bd88842135a4ddb4deb3c9
  md5: a9f577daf3de00bca7c3c76c0ecbd1de
  depends:
  - __glibc >=2.17,<3.0.a0
  - libgomp >=7.5.0
  constrains:
  - openmp_impl <0.0a0
  license: BSD-3-Clause
  license_family: BSD
  size: 28948
  timestamp: 1770939786096
- conda: https://conda.anaconda.org/conda-forge/linux-64/actionlint-1.7.12-h8bc977c_0.conda
  sha256: 1fff5ee0d83045ef90104ca83f52b4c44feb4ab2036fc7903fe9733f50721209
  md5: bab393750db08f50eebaf96f50d18734
  depends:
  - libgcc >=14
  - __glibc >=2.17
  - __glibc >=2.17,<3.0.a0
  license: MIT
  license_family: MIT
  size: 2131192
  timestamp: 1774975766537
- conda: https://conda.anaconda.org/conda-forge/osx-64/actionlint-1.7.12-h5220d24_0.conda
  sha256: 0a3f0f673f7a1c3dcc5bd04f759b977676e3d680ec50346e9013a0c067426d3c
  md5: 7a360d28a2a40006bc138f05b93188d1
  depends:
  - __osx >=11.0
  constrains:
  - __osx >=10.12
  license: MIT
  license_family: MIT
  size: 2079880
  timestamp: 1774975813961
- conda: https://conda.anaconda.org/conda-forge/osx-arm64/actionlint-1.7.12-h7969508_0.conda
  sha256: 94a8c69857d5365990f8231a901ea102736694546497cc674962e97b3e8d8d96
  md5: 87084addab359d538cbf8493726cf3f8
  depends:
  - __osx >=11.0
  license: MIT
  license_family: MIT
  size: 1855795
  timestamp: 1774975876774
- conda: https://conda.anaconda.org/conda-forge/win-64/actionlint-1.7.12-h11b0a5a_0.conda
  sha256: c06ad63dd652546687ec28c131975c183a240cd7b281d14403ef3bb5c6858f76
  md5: 78b9e566476a9df08fa5840ba9e2aeae
  depends:
  - vc >=14.3,<15
  - vc14_runtime >=14.44.35208
  - ucrt >=10.0.20348.0
  license: MIT
  license_family: MIT
  size: 2152519
  timestamp: 1774975834444
- conda: https://conda.anaconda.org/conda-forge/linux-64/c-ares-1.34.6-hb03c661_0.conda
  sha256: cc9accf72fa028d31c2a038460787751127317dcfa991f8d1f1babf216bb454e
  md5: 920bb03579f15389b9e512095ad995b7
  depends:
  - __glibc >=2.17,<3.0.a0
  - libgcc >=14
  license: MIT
  license_family: MIT
  size: 207882
  timestamp: 1765214722852
- conda: https://conda.anaconda.org/conda-forge/osx-64/c-ares-1.34.6-hb5e19a0_0.conda
  sha256: 2f5bc0292d595399df0d168355b4e9820affc8036792d6984bd751fdda2bcaea
  md5: fc9a153c57c9f070bebaa7eef30a8f17
  depends:
  - __osx >=10.13
  license: MIT
  license_family: MIT
  size: 186122
  timestamp: 1765215100384
- conda: https://conda.anaconda.org/conda-forge/osx-arm64/c-ares-1.34.6-hc919400_0.conda
  sha256: 2995f2aed4e53725e5efbc28199b46bf311c3cab2648fc4f10c2227d6d5fa196
  md5: bcb3cba70cf1eec964a03b4ba7775f01
  depends:
  - __osx >=11.0
  license: MIT
  license_family: MIT
  size: 180327
  timestamp: 1765215064054
- conda: https://conda.anaconda.org/conda-forge/noarch/ca-certificates-2026.2.25-hbd8a1cb_0.conda
  sha256: 67cc7101b36421c5913a1687ef1b99f85b5d6868da3abbf6ec1a4181e79782fc
  md5: 4492fd26db29495f0ba23f146cd5638d
  depends:
  - __unix
  license: ISC
  size: 147413
  timestamp: 1772006283803
- conda: https://conda.anaconda.org/conda-forge/linux-64/dart-sass-1.98.0-hfc2019e_0.conda
  sha256: da3062ff9edcdde3e7dc44886917a3a3581fc3105398b48a5fbdf4009c06dec9
  md5: ba6b854efecdd48ea2c8d3f84d127b0d
  license: MIT
  license_family: MIT
  size: 4101030
  timestamp: 1773488682240
- conda: https://conda.anaconda.org/conda-forge/osx-64/dart-sass-1.98.0-h8822bef_0.conda
  sha256: efc5241a11af089784e7bad68230408ef635f21929e501aebec8a92ffadec170
  md5: 062644b6179679df1258f378c69f5dab
  license: MIT
  license_family: MIT
  size: 3928870
  timestamp: 1773488761417
- conda: https://conda.anaconda.org/conda-forge/osx-arm64/dart-sass-1.98.0-h820172f_0.conda
  sha256: 67ce8bf285796a65743ecf16b9772d31f1ca128ce573ba1f70175fcefc7d746f
  md5: 25c439a6418a32fe0e87a259b0997b51
  license: MIT
  license_family: MIT
  size: 3720095
  timestamp: 1773488663052
- conda: https://conda.anaconda.org/conda-forge/win-64/dart-sass-1.98.0-h11686cb_0.conda
  sha256: 1a9a37c0a5c535b2ceba2192962d7b04fb29276d9145bfa945667fb0ff941f92
  md5: 78d564f1c06d15bb385c50a748148057
  license: MIT
  license_family: MIT
  size: 4003507
  timestamp: 1773488722420
- conda: https://conda.anaconda.org/conda-forge/noarch/eslint-10.2.1-hee61e0b_0.conda
  sha256: 12f8a7086afb25f6b3bd98da34ec0a927b2aaec571c6c043c562a8f8e02745bb
  md5: ef63c9a704e21b4d8a4a65a44ef5e238
  depends:
  - nodejs
  license: MIT
  license_family: MIT
  size: 1329591
  timestamp: 1776467887514
- conda: https://conda.anaconda.org/conda-forge/linux-64/hugo-0.145.0-h9a0b160_0.conda
  sha256: 589b1f35e49e31293a70def9084611d83dd45971baf09dc0ed0c1c66004de6e2
  md5: 2cab1b16ce409085261cdca92e303dc9
  depends:
  - __glibc >=2.17
  - __glibc >=2.17,<3.0.a0
  - libgcc >=13
  - libstdcxx >=13
  license: Apache-2.0
  license_family: APACHE
  size: 16652422
  timestamp: 1740602893231
- conda: https://conda.anaconda.org/conda-forge/osx-64/hugo-0.145.0-hba536fe_0.conda
  sha256: de5e6dd69653a58ae1b3fc663953eecde057cf83c67a3a57fae5d73e0d45650c
  md5: 25f092d8c60ab433509cdb98e8c75cc2
  depends:
  - __osx >=11.0
  - libcxx >=17
  constrains:
  - __osx>=10.12
  license: Apache-2.0
  license_family: APACHE
  size: 16708889
  timestamp: 1740603406088
- conda: https://conda.anaconda.org/conda-forge/osx-arm64/hugo-0.145.0-h286801f_0.conda
  sha256: d09b42231f9077390d772e5e30adf39112320734e060f7f17cd666a65b85b2da
  md5: 88e59e61dd9e4f8dd182897a0c0d67d6
  depends:
  - __osx >=11.0
  - libcxx >=18
  license: Apache-2.0
  license_family: APACHE
  size: 15559485
  timestamp: 1740602889378
- conda: https://conda.anaconda.org/conda-forge/win-64/hugo-0.145.0-ha2862d8_0.conda
  sha256: ea21d112514d0ec5e38c32f10976ac07a98664c16208035652e8ac6a9b3f5c98
  md5: ba4399d6ad744a74611b343d10b01b20
  depends:
  - ucrt >=10.0.20348.0
  license: Apache-2.0
  license_family: APACHE
  size: 17019468
  timestamp: 1740603260192
- conda: https://conda.anaconda.org/conda-forge/linux-64/icu-78.3-h33c6efd_0.conda
  sha256: fbf86c4a59c2ed05bbffb2ba25c7ed94f6185ec30ecb691615d42342baa1a16a
  md5: c80d8a3b84358cb967fa81e7075fbc8a
  depends:
  - __glibc >=2.17,<3.0.a0
  - libgcc >=14
  - libstdcxx >=14
  license: MIT
  license_family: MIT
  size: 12723451
  timestamp: 1773822285671
- conda: https://conda.anaconda.org/conda-forge/osx-64/icu-78.3-h25d91c4_0.conda
  sha256: 1294117122d55246bb83ad5b589e2a031aacdf2d0b1f99fd338aa4394f881735
  md5: 627eca44e62e2b665eeec57a984a7f00
  depends:
  - __osx >=11.0
  license: MIT
  license_family: MIT
  size: 12273764
  timestamp: 1773822733780
- conda: https://conda.anaconda.org/conda-forge/osx-arm64/icu-78.3-hef89b57_0.conda
  sha256: 3a7907a17e9937d3a46dfd41cffaf815abad59a569440d1e25177c15fd0684e5
  md5: f1182c91c0de31a7abd40cedf6a5ebef
  depends:
  - __osx >=11.0
  license: MIT
  license_family: MIT
  size: 12361647
  timestamp: 1773822915649
- conda: https://conda.anaconda.org/conda-forge/linux-64/lefthook-2.1.6-hfc2019e_0.conda
  sha256: 16c46885453975bd1a458ab9e323a9bb7a254c9959ef8b0f1014f387d7cb7ee9
  md5: b2139ea7d1e2f1936ab3c2654e1c096f
  license: MIT
  license_family: MIT
  size: 5435095
  timestamp: 1776329521706
- conda: https://conda.anaconda.org/conda-forge/osx-64/lefthook-2.1.6-h5839d16_0.conda
  sha256: 9003180f4cb925e6b657c7f3d726b39c61f34e5b037709404abc0a192aebc8dc
  md5: ce533e7983a4191b91f3123ad92f4679
  constrains:
  - __osx >=10.12
  license: MIT
  license_family: MIT
  size: 5467486
  timestamp: 1776329663886
- conda: https://conda.anaconda.org/conda-forge/osx-arm64/lefthook-2.1.6-hf76c51c_0.conda
  sha256: fde043496738cd4459c37910b0f62bf8d2858feae51199f74b9636e319635048
  md5: e334cc8c71453a92ac49e0247d936a67
  license: MIT
  license_family: MIT
  size: 4890685
  timestamp: 1776329614788
- conda: https://conda.anaconda.org/conda-forge/win-64/lefthook-2.1.6-h11686cb_0.conda
  sha256: d3bda3d05aeddf6f22699bac4af94b33ff55aaee7bffa3b341defe3e8e7f8d05
  md5: ed46b266d2b6ae008d8afa2a039fb28f
  license: MIT
  license_family: MIT
  size: 5367932
  timestamp: 1776329601688
- conda: https://conda.anaconda.org/conda-forge/linux-64/libabseil-20260107.1-cxx17_h7b12aa8_0.conda
  sha256: a7a4481a4d217a3eadea0ec489826a69070fcc3153f00443aa491ed21527d239
  md5: 6f7b4302263347698fd24565fbf11310
  depends:
  - __glibc >=2.17,<3.0.a0
  - libgcc >=14
  - libstdcxx >=14
  constrains:
  - libabseil-static =20260107.1=cxx17*
  - abseil-cpp =20260107.1
  license: Apache-2.0
  license_family: Apache
  size: 1384817
  timestamp: 1770863194876
- conda: https://conda.anaconda.org/conda-forge/osx-64/libabseil-20260107.1-cxx17_h7ed6875_0.conda
  sha256: 2b4ff36082ddfbacc47ac6e11d4dd9f3403cd109ce8d7f0fbee0cdd47cdef013
  md5: 317f40d7bd7bf6d54b56d4a5b5f5085d
  depends:
  - __osx >=10.13
  - libcxx >=19
  constrains:
  - libabseil-static =20260107.1=cxx17*
  - abseil-cpp =20260107.1
  license: Apache-2.0
  license_family: Apache
  size: 1217836
  timestamp: 1770863510112
- conda: https://conda.anaconda.org/conda-forge/osx-arm64/libabseil-20260107.1-cxx17_h2062a1b_0.conda
  sha256: 756611fbb8d2957a5b4635d9772bd8432cb6ddac05580a6284cca6fdc9b07fca
  md5: bb65152e0d7c7178c0f1ee25692c9fd1
  depends:
  - __osx >=11.0
  - libcxx >=19
  constrains:
  - abseil-cpp =20260107.1
  - libabseil-static =20260107.1=cxx17*
  license: Apache-2.0
  license_family: Apache
  size: 1229639
  timestamp: 1770863511331
- conda: https://conda.anaconda.org/conda-forge/linux-64/libbrotlicommon-1.2.0-hb03c661_1.conda
  sha256: 318f36bd49ca8ad85e6478bd8506c88d82454cc008c1ac1c6bf00a3c42fa610e
  md5: 72c8fd1af66bd67bf580645b426513ed
  depends:
  - __glibc >=2.17,<3.0.a0
  - libgcc >=14
  license: MIT
  license_family: MIT
  size: 79965
  timestamp: 1764017188531
- conda: https://conda.anaconda.org/conda-forge/osx-64/libbrotlicommon-1.2.0-h8616949_1.conda
  sha256: 4c19b211b3095f541426d5a9abac63e96a5045e509b3d11d4f9482de53efe43b
  md5: f157c098841474579569c85a60ece586
  depends:
  - __osx >=10.13
  license: MIT
  license_family: MIT
  size: 78854
  timestamp: 1764017554982
- conda: https://conda.anaconda.org/conda-forge/osx-arm64/libbrotlicommon-1.2.0-hc919400_1.conda
  sha256: a7cb9e660531cf6fbd4148cff608c85738d0b76f0975c5fc3e7d5e92840b7229
  md5: 006e7ddd8a110771134fcc4e1e3a6ffa
  depends:
  - __osx >=11.0
  license: MIT
  license_family: MIT
  size: 79443
  timestamp: 1764017945924
- conda: https://conda.anaconda.org/conda-forge/linux-64/libbrotlidec-1.2.0-hb03c661_1.conda
  sha256: 12fff21d38f98bc446d82baa890e01fd82e3b750378fedc720ff93522ffb752b
  md5: 366b40a69f0ad6072561c1d09301c886
  depends:
  - __glibc >=2.17,<3.0.a0
  - libbrotlicommon 1.2.0 hb03c661_1
  - libgcc >=14
  license: MIT
  license_family: MIT
  size: 34632
  timestamp: 1764017199083
- conda: https://conda.anaconda.org/conda-forge/osx-64/libbrotlidec-1.2.0-h8616949_1.conda
  sha256: 729158be90ae655a4e0427fe4079767734af1f9b69ff58cf94ca6e8d4b3eb4b7
  md5: 63186ac7a8a24b3528b4b14f21c03f54
  depends:
  - __osx >=10.13
  - libbrotlicommon 1.2.0 h8616949_1
  license: MIT
  license_family: MIT
  size: 30835
  timestamp: 1764017584474
- conda: https://conda.anaconda.org/conda-forge/osx-arm64/libbrotlidec-1.2.0-hc919400_1.conda
  sha256: 2eae444039826db0454b19b52a3390f63bfe24f6b3e63089778dd5a5bf48b6bf
  md5: 079e88933963f3f149054eec2c487bc2
  depends:
  - __osx >=11.0
  - libbrotlicommon 1.2.0 hc919400_1
  license: MIT
  license_family: MIT
  size: 29452
  timestamp: 1764017979099
- conda: https://conda.anaconda.org/conda-forge/linux-64/libbrotlienc-1.2.0-hb03c661_1.conda
  sha256: a0c15c79997820bbd3fbc8ecf146f4fe0eca36cc60b62b63ac6cf78857f1dd0d
  md5: 4ffbb341c8b616aa2494b6afb26a0c5f
  depends:
  - __glibc >=2.17,<3.0.a0
  - libbrotlicommon 1.2.0 hb03c661_1
  - libgcc >=14
  license: MIT
  license_family: MIT
  size: 298378
  timestamp: 1764017210931
- conda: https://conda.anaconda.org/conda-forge/osx-64/libbrotlienc-1.2.0-h8616949_1.conda
  sha256: 8ece7b41b6548d6601ac2c2cd605cf2261268fc4443227cc284477ed23fbd401
  md5: 12a58fd3fc285ce20cf20edf21a0ff8f
  depends:
  - __osx >=10.13
  - libbrotlicommon 1.2.0 h8616949_1
  license: MIT
  license_family: MIT
  size: 310355
  timestamp: 1764017609985
- conda: https://conda.anaconda.org/conda-forge/osx-arm64/libbrotlienc-1.2.0-hc919400_1.conda
  sha256: 01436c32bb41f9cb4bcf07dda647ce4e5deb8307abfc3abdc8da5317db8189d1
  md5: b2b7c8288ca1a2d71ff97a8e6a1e8883
  depends:
  - __osx >=11.0
  - libbrotlicommon 1.2.0 hc919400_1
  license: MIT
  license_family: MIT
  size: 290754
  timestamp: 1764018009077
- conda: https://conda.anaconda.org/conda-forge/osx-64/libcxx-22.1.3-h19cb2f5_0.conda
  sha256: 24d7e7d15d144f2f74fbc9f397a643f0a1da94dbe9aa9f0d15990fabe34974c9
  md5: 212ddd7bd52988f751905114325b5c0b
  depends:
  - __osx >=11.0
  license: Apache-2.0 WITH LLVM-exception
  license_family: Apache
  size: 564947
  timestamp: 1775564350407
- conda: https://conda.anaconda.org/conda-forge/osx-arm64/libcxx-22.1.3-h55c6f16_0.conda
  sha256: 34cc56c627b01928e49731bcfe92338e440ab6b5952feee8f1dd16570b8b8339
  md5: acbb3f547c4aae16b19e417db0c6e5ed
  depends:
  - __osx >=11.0
  license: Apache-2.0 WITH LLVM-exception
  license_family: Apache
  size: 570026
  timestamp: 1775565121045
- conda: https://conda.anaconda.org/conda-forge/linux-64/libev-4.33-hd590300_2.conda
  sha256: 1cd6048169fa0395af74ed5d8f1716e22c19a81a8a36f934c110ca3ad4dd27b4
  md5: 172bf1cd1ff8629f2b1179945ed45055
  depends:
  - libgcc-ng >=12
  license: BSD-2-Clause
  license_family: BSD
  size: 112766
  timestamp: 1702146165126
- conda: https://conda.anaconda.org/conda-forge/osx-64/libev-4.33-h10d778d_2.conda
  sha256: 0d238488564a7992942aa165ff994eca540f687753b4f0998b29b4e4d030ff43
  md5: 899db79329439820b7e8f8de41bca902
  license: BSD-2-Clause
  license_family: BSD
  size: 106663
  timestamp: 1702146352558
- conda: https://conda.anaconda.org/conda-forge/osx-arm64/libev-4.33-h93a5062_2.conda
  sha256: 95cecb3902fbe0399c3a7e67a5bed1db813e5ab0e22f4023a5e0f722f2cc214f
  md5: 36d33e440c31857372a72137f78bacf5
  license: BSD-2-Clause
  license_family: BSD
  size: 107458
  timestamp: 1702146414478
- conda: https://conda.anaconda.org/conda-forge/linux-64/libgcc-15.2.0-he0feb66_18.conda
  sha256: faf7d2017b4d718951e3a59d081eb09759152f93038479b768e3d612688f83f5
  md5: 0aa00f03f9e39fb9876085dee11a85d4
  depends:
  - __glibc >=2.17,<3.0.a0
  - _openmp_mutex >=4.5
  constrains:
  - libgcc-ng ==15.2.0=*_18
  - libgomp 15.2.0 he0feb66_18
  license: GPL-3.0-only WITH GCC-exception-3.1
  license_family: GPL
  size: 1041788
  timestamp: 1771378212382
- conda: https://conda.anaconda.org/conda-forge/linux-64/libgcc-ng-15.2.0-h69a702a_18.conda
  sha256: e318a711400f536c81123e753d4c797a821021fb38970cebfb3f454126016893
  md5: d5e96b1ed75ca01906b3d2469b4ce493
  depends:
  - libgcc 15.2.0 he0feb66_18
  license: GPL-3.0-only WITH GCC-exception-3.1
  license_family: GPL
  size: 27526
  timestamp: 1771378224552
- conda: https://conda.anaconda.org/conda-forge/linux-64/libgomp-15.2.0-he0feb66_18.conda
  sha256: 21337ab58e5e0649d869ab168d4e609b033509de22521de1bfed0c031bfc5110
  md5: 239c5e9546c38a1e884d69effcf4c882
  depends:
  - __glibc >=2.17,<3.0.a0
  license: GPL-3.0-only WITH GCC-exception-3.1
  license_family: GPL
  size: 603262
  timestamp: 1771378117851
- conda: https://conda.anaconda.org/conda-forge/linux-64/libnghttp2-1.68.1-h877daf1_0.conda
  sha256: 663444d77a42f2265f54fb8b48c5450bfff4388d9c0f8253dd7855f0d993153f
  md5: 2a45e7f8af083626f009645a6481f12d
  depends:
  - __glibc >=2.17,<3.0.a0
  - c-ares >=1.34.6,<2.0a0
  - libev >=4.33,<4.34.0a0
  - libev >=4.33,<5.0a0
  - libgcc >=14
  - libstdcxx >=14
  - libzlib >=1.3.1,<2.0a0
  - openssl >=3.5.5,<4.0a0
  license: MIT
  license_family: MIT
  size: 663344
  timestamp: 1773854035739
- conda: https://conda.anaconda.org/conda-forge/osx-64/libnghttp2-1.68.1-h70048d4_0.conda
  sha256: 899551e16aac9dfb85bfc2fd98b655f4d1b7fea45720ec04ccb93d95b4d24798
  md5: dba4c95e2fe24adcae4b77ebf33559ae
  depends:
  - __osx >=11.0
  - c-ares >=1.34.6,<2.0a0
  - libcxx >=19
  - libev >=4.33,<4.34.0a0
  - libev >=4.33,<5.0a0
  - libzlib >=1.3.1,<2.0a0
  - openssl >=3.5.5,<4.0a0
  license: MIT
  license_family: MIT
  size: 606749
  timestamp: 1773854765508
- conda: https://conda.anaconda.org/conda-forge/osx-arm64/libnghttp2-1.68.1-h8f3e76b_0.conda
  sha256: 2bc7bc3978066f2c274ebcbf711850cc9ab92e023e433b9631958a098d11e10a
  md5: 6ea18834adbc3b33df9bd9fb45eaf95b
  depends:
  - __osx >=11.0
  - c-ares >=1.34.6,<2.0a0
  - libcxx >=19
  - libev >=4.33,<4.34.0a0
  - libev >=4.33,<5.0a0
  - libzlib >=1.3.1,<2.0a0
  - openssl >=3.5.5,<4.0a0
  license: MIT
  license_family: MIT
  size: 576526
  timestamp: 1773854624224
- conda: https://conda.anaconda.org/conda-forge/linux-64/libsqlite-3.53.0-hf4e2dac_0.conda
  sha256: ec37c79f737933bbac965f5dc0f08ef2790247129a84bb3114fad4900adce401
  md5: 810d83373448da85c3f673fbcb7ad3a3
  depends:
  - __glibc >=2.17,<3.0.a0
  - icu >=78.3,<79.0a0
  - libgcc >=14
  - libzlib >=1.3.2,<2.0a0
  license: blessing
  size: 958864
  timestamp: 1775753750179
- conda: https://conda.anaconda.org/conda-forge/osx-64/libsqlite-3.53.0-h8f8c405_0.conda
  sha256: ae9d83cab8988a7d4ccec411fef23c141b5b3d301db3e926ab7cd4befe3764e6
  md5: f2bb6692dfb33a1bbce746aa812a9a5b
  depends:
  - __osx >=11.0
  - icu >=78.3,<79.0a0
  - libzlib >=1.3.2,<2.0a0
  license: blessing
  size: 1007272
  timestamp: 1775754456682
- conda: https://conda.anaconda.org/conda-forge/osx-arm64/libsqlite-3.53.0-h1b79a29_0.conda
  sha256: 1a9d1e3e18dbb0b87cff3b40c3e42703730d7ac7ee9b9322c2682196a81ba0c3
  md5: 8423c008105df35485e184066cad4566
  depends:
  - __osx >=11.0
  - libzlib >=1.3.2,<2.0a0
  license: blessing
  size: 920039
  timestamp: 1775754485962
- conda: https://conda.anaconda.org/conda-forge/linux-64/libstdcxx-15.2.0-h934c35e_18.conda
  sha256: 78668020064fdaa27e9ab65cd2997e2c837b564ab26ce3bf0e58a2ce1a525c6e
  md5: 1b08cd684f34175e4514474793d44bcb
  depends:
  - __glibc >=2.17,<3.0.a0
  - libgcc 15.2.0 he0feb66_18
  constrains:
  - libstdcxx-ng ==15.2.0=*_18
  license: GPL-3.0-only WITH GCC-exception-3.1
  license_family: GPL
  size: 5852330
  timestamp: 1771378262446
- conda: https://conda.anaconda.org/conda-forge/linux-64/libuv-1.51.0-hb03c661_1.conda
  sha256: c180f4124a889ac343fc59d15558e93667d894a966ec6fdb61da1604481be26b
  md5: 0f03292cc56bf91a077a134ea8747118
  depends:
  - __glibc >=2.17,<3.0.a0
  - libgcc >=14
  license: MIT
  license_family: MIT
  size: 895108
  timestamp: 1753948278280
- conda: https://conda.anaconda.org/conda-forge/osx-64/libuv-1.51.0-h58003a5_1.conda
  sha256: d90dd0eee6f195a5bd14edab4c5b33be3635b674b0b6c010fb942b956aa2254c
  md5: fbfc6cf607ae1e1e498734e256561dc3
  depends:
  - __osx >=10.13
  license: MIT
  license_family: MIT
  size: 422612
  timestamp: 1753948458902
- conda: https://conda.anaconda.org/conda-forge/osx-arm64/libuv-1.51.0-h6caf38d_1.conda
  sha256: 042c7488ad97a5629ec0a991a8b2a3345599401ecc75ad6a5af73b60e6db9689
  md5: c0d87c3c8e075daf1daf6c31b53e8083
  depends:
  - __osx >=11.0
  license: MIT
  license_family: MIT
  size: 421195
  timestamp: 1753948426421
- conda: https://conda.anaconda.org/conda-forge/linux-64/libzlib-1.3.2-h25fd6f3_2.conda
  sha256: 55044c403570f0dc26e6364de4dc5368e5f3fc7ff103e867c487e2b5ab2bcda9
  md5: d87ff7921124eccd67248aa483c23fec
  depends:
  - __glibc >=2.17,<3.0.a0
  constrains:
  - zlib 1.3.2 *_2
  license: Zlib
  license_family: Other
  size: 63629
  timestamp: 1774072609062
- conda: https://conda.anaconda.org/conda-forge/osx-64/libzlib-1.3.2-hbb4bfdb_2.conda
  sha256: 4c6da089952b2d70150c74234679d6f7ac04f4a98f9432dec724968f912691e7
  md5: 30439ff30578e504ee5e0b390afc8c65
  depends:
  - __osx >=11.0
  constrains:
  - zlib 1.3.2 *_2
  license: Zlib
  license_family: Other
  size: 59000
  timestamp: 1774073052242
- conda: https://conda.anaconda.org/conda-forge/osx-arm64/libzlib-1.3.2-h8088a28_2.conda
  sha256: 361415a698514b19a852f5d1123c5da746d4642139904156ddfca7c922d23a05
  md5: bc5a5721b6439f2f62a84f2548136082
  depends:
  - __osx >=11.0
  constrains:
  - zlib 1.3.2 *_2
  license: Zlib
  license_family: Other
  size: 47759
  timestamp: 1774072956767
- conda: https://conda.anaconda.org/conda-forge/linux-64/nodejs-24.14.1-h3d65ac4_0.conda
  sha256: 116de7e13c8211217ffcb4ed333202052e6c1d565c5ee439bbaeb97c2aeb8271
  md5: fa4e76aac348ef9c27e72c79b02833fc
  depends:
  - libgcc >=14
  - __glibc >=2.28,<3.0.a0
  - libstdcxx >=14
  - zstd >=1.5.7,<1.6.0a0
  - libbrotlicommon >=1.2.0,<1.3.0a0
  - libbrotlienc >=1.2.0,<1.3.0a0
  - libbrotlidec >=1.2.0,<1.3.0a0
  - c-ares >=1.34.6,<2.0a0
  - libsqlite >=3.52.0,<4.0a0
  - libzlib >=1.3.2,<2.0a0
  - libuv >=1.51.0,<2.0a0
  - libnghttp2 >=1.68.1,<2.0a0
  - openssl >=3.5.5,<4.0a0
  - icu >=78.3,<79.0a0
  license: MIT
  license_family: MIT
  size: 17575783
  timestamp: 1774517834182
- conda: https://conda.anaconda.org/conda-forge/linux-64/nodejs-25.8.2-he4ff34a_0.conda
  sha256: d1a673d1418d9e956b6e4e46c23e72a511c5c1d45dc5519c947457427036d5e2
  md5: baffb1570b3918c784d4490babc52fbf
  depends:
  - libgcc >=14
  - libstdcxx >=14
  - __glibc >=2.28,<3.0.a0
  - libnghttp2 >=1.68.1,<2.0a0
  - libuv >=1.51.0,<2.0a0
  - c-ares >=1.34.6,<2.0a0
  - openssl >=3.5.5,<4.0a0
  - libsqlite >=3.52.0,<4.0a0
  - icu >=78.3,<79.0a0
  - libzlib >=1.3.2,<2.0a0
  - libabseil >=20260107.1,<20260108.0a0
  - libabseil * cxx17*
  - zstd >=1.5.7,<1.6.0a0
  - libbrotlicommon >=1.2.0,<1.3.0a0
  - libbrotlienc >=1.2.0,<1.3.0a0
  - libbrotlidec >=1.2.0,<1.3.0a0
  license: MIT
  license_family: MIT
  size: 18829340
  timestamp: 1774514313036
- conda: https://conda.anaconda.org/conda-forge/osx-64/nodejs-24.14.1-hc6dc384_0.conda
  sha256: de46225a84134e0dd3bc3f39cecdb6e9ca7c2555d45eeb8a916186b500b5484b
  md5: 558c379648523eef0b3f441827d564d8
  depends:
  - __osx >=10.15
  - libcxx >=19
  - c-ares >=1.34.6,<2.0a0
  - libuv >=1.51.0,<2.0a0
  - libsqlite >=3.52.0,<4.0a0
  - zstd >=1.5.7,<1.6.0a0
  - libbrotlicommon >=1.2.0,<1.3.0a0
  - libbrotlienc >=1.2.0,<1.3.0a0
  - libbrotlidec >=1.2.0,<1.3.0a0
  - libnghttp2 >=1.68.1,<2.0a0
  - icu >=78.3,<79.0a0
  - libzlib >=1.3.2,<2.0a0
  - openssl >=3.5.5,<4.0a0
  license: MIT
  license_family: MIT
  size: 16946699
  timestamp: 1774519152832
- conda: https://conda.anaconda.org/conda-forge/osx-64/nodejs-25.8.2-hf3170e9_0.conda
  sha256: 6e82ed9c2de2e5a472a9c25f7a4a3a296d33aa38b94151acbbb5a28754962d8d
  md5: de36be6257a15d17e85c96b47d290f82
  depends:
  - libcxx >=19
  - __osx >=11.0
  - libzlib >=1.3.2,<2.0a0
  - libnghttp2 >=1.68.1,<2.0a0
  - libabseil >=20260107.1,<20260108.0a0
  - libabseil * cxx17*
  - icu >=78.3,<79.0a0
  - libbrotlicommon >=1.2.0,<1.3.0a0
  - libbrotlienc >=1.2.0,<1.3.0a0
  - libbrotlidec >=1.2.0,<1.3.0a0
  - libsqlite >=3.52.0,<4.0a0
  - libuv >=1.51.0,<2.0a0
  - c-ares >=1.34.6,<2.0a0
  - openssl >=3.5.5,<4.0a0
  - zstd >=1.5.7,<1.6.0a0
  license: MIT
  license_family: MIT
  size: 18382168
  timestamp: 1774517889949
- conda: https://conda.anaconda.org/conda-forge/osx-arm64/nodejs-22.22.2-h2e6c367_0.conda
  sha256: 2e8b09512a2a6a196c632c3b4c51d29cf90127b5e08e165448d22eb636ca9931
  md5: 898ab7075e4194872ee28742645de9ea
  depends:
  - __osx >=11.0
  - libcxx >=19
  - libuv >=1.51.0,<2.0a0
  - libzlib >=1.3.2,<2.0a0
  - openssl >=3.5.5,<4.0a0
  - icu >=78.3,<79.0a0
  license: MIT
  license_family: MIT
  size: 16675444
  timestamp: 1774518175001
- conda: https://conda.anaconda.org/conda-forge/osx-arm64/nodejs-25.8.2-h7039424_0.conda
  sha256: 4782b172b3b8a557b60bf5f591821cf100e2092ba7a5494ce047dfa41626de26
  md5: ca8277c52fdface8bb8ebff7cd9a6f56
  depends:
  - libcxx >=19
  - __osx >=11.0
  - icu >=78.3,<79.0a0
  - libbrotlicommon >=1.2.0,<1.3.0a0
  - libbrotlienc >=1.2.0,<1.3.0a0
  - libbrotlidec >=1.2.0,<1.3.0a0
  - libnghttp2 >=1.68.1,<2.0a0
  - libuv >=1.51.0,<2.0a0
  - libsqlite >=3.52.0,<4.0a0
  - libzlib >=1.3.2,<2.0a0
  - openssl >=3.5.5,<4.0a0
  - zstd >=1.5.7,<1.6.0a0
  - c-ares >=1.34.6,<2.0a0
  - libabseil >=20260107.1,<20260108.0a0
  - libabseil * cxx17*
  license: MIT
  license_family: MIT
  size: 17101803
  timestamp: 1774517834028
- conda: https://conda.anaconda.org/conda-forge/win-64/nodejs-22.22.2-h80d1838_0.conda
  sha256: cfc634e30f0a8346eff67d9f49590c41d906907bb0cf34b8ef92a28b65c7c72a
  md5: d84cc7cc01897fb80120b80acb44b9f1
  license: MIT
  license_family: MIT
  size: 30034552
  timestamp: 1774518183077
- conda: https://conda.anaconda.org/conda-forge/win-64/nodejs-25.8.2-h80d1838_0.conda
  sha256: 5e38e51da1aa4bc352db9b4cec1c3e25811de0f4408edaa24e009a64de6dbfdf
  md5: e626ee7934e4b7cb21ce6b721cff8677
  license: MIT
  license_family: MIT
  size: 31271315
  timestamp: 1774517904472
- conda: https://conda.anaconda.org/conda-forge/linux-64/openssl-3.6.2-h35e630c_0.conda
  sha256: c0ef482280e38c71a08ad6d71448194b719630345b0c9c60744a2010e8a8e0cb
  md5: da1b85b6a87e141f5140bb9924cecab0
  depends:
  - __glibc >=2.17,<3.0.a0
  - ca-certificates
  - libgcc >=14
  license: Apache-2.0
  license_family: Apache
  size: 3167099
  timestamp: 1775587756857
- conda: https://conda.anaconda.org/conda-forge/osx-64/openssl-3.6.2-hc881268_0.conda
  sha256: 334fd49ea31b99114f5afb1ec44555dc8c90640648302a4f8f838ee345d1ec50
  md5: 5cf0ece4375c73d7a5765e83565a69c7
  depends:
  - __osx >=11.0
  - ca-certificates
  license: Apache-2.0
  license_family: Apache
  size: 2776564
  timestamp: 1775589970694
- conda: https://conda.anaconda.org/conda-forge/osx-arm64/openssl-3.6.2-hd24854e_0.conda
  sha256: c91bf510c130a1ea1b6ff023e28bac0ccaef869446acd805e2016f69ebdc49ea
  md5: 25dcccd4f80f1638428613e0d7c9b4e1
  depends:
  - __osx >=11.0
  - ca-certificates
  license: Apache-2.0
  license_family: Apache
  size: 3106008
  timestamp: 1775587972483
- conda: https://conda.anaconda.org/conda-forge/linux-64/prettier-3.8.3-h7e4c9f4_0.conda
  sha256: 4719f1a75e49e78ecc5d1d2a9e2868b5df09adfd6d8918d3d696fd1ebd6c5d98
  md5: 4701ec55c92a26c42a9b7e2be17c3076
  depends:
  - nodejs
  - __glibc >=2.17,<3.0.a0
  - nodejs >=24.14.1,<25.0a0
  license: MIT
  license_family: MIT
  size: 1107648
  timestamp: 1776225284270
- conda: https://conda.anaconda.org/conda-forge/osx-64/prettier-3.8.3-h810254c_0.conda
  sha256: 2dfa7b9651fb5bae41bfbed0c6aebe0169bf72bde90a48c0a388eaf1143444ac
  md5: 298c30d4f7f403d120736b978514036a
  depends:
  - nodejs
  - __osx >=11.0
  - nodejs >=24.14.1,<25.0a0
  license: MIT
  license_family: MIT
  size: 1106527
  timestamp: 1776225359190
- conda: https://conda.anaconda.org/conda-forge/osx-arm64/prettier-3.8.3-hb7b4bc5_0.conda
  sha256: 8d181bde52e6c033658645e32fef02f8f9730a66125f7eac989dfa720d0ac787
  md5: b8e9a54ef9eafc8759e634e8dfb445cc
  depends:
  - nodejs
  - __osx >=11.0
  - nodejs >=22.22.2,<23.0a0
  license: MIT
  license_family: MIT
  size: 1106094
  timestamp: 1776225341195
- conda: https://conda.anaconda.org/conda-forge/win-64/prettier-3.8.3-hc95d2ff_0.conda
  sha256: 2c7abba0c8a488145d7fa8174eb07c60a9bae10255322238a18396029a77c57a
  md5: 31b3b0a2d4108f6b0a97ff5e34ff939d
  depends:
  - nodejs
  - vc >=14.3,<15
  - vc14_runtime >=14.44.35208
  - ucrt >=10.0.20348.0
  - nodejs >=22.22.2,<23.0a0
  license: MIT
  license_family: MIT
  size: 1108827
  timestamp: 1776225360348
- conda: https://conda.anaconda.org/conda-forge/linux-64/taplo-0.10.0-h2d22210_1.conda
  sha256: 7d313578d79ece2b328084d906958888b5a474326a24833317d95a71e264b219
  md5: a4935b2eea119342f6a9d666e821984d
  depends:
  - __glibc >=2.17,<3.0.a0
  - libgcc >=13
  - openssl >=3.5.0,<4.0a0
  constrains:
  - __glibc >=2.17
  license: MIT
  license_family: MIT
  size: 4319647
  timestamp: 1748302828104
- conda: https://conda.anaconda.org/conda-forge/osx-64/taplo-0.10.0-hffa81eb_1.conda
  sha256: 47b343fd4779605c431f10e1bfe07e84df63884d4e081aafca027262b317bb7a
  md5: c8ed0c445e126bc7519c32509b67fa2a
  depends:
  - __osx >=10.13
  - openssl >=3.5.0,<4.0a0
  constrains:
  - __osx >=10.13
  license: MIT
  license_family: MIT
  size: 4286090
  timestamp: 1748302835791
- conda: https://conda.anaconda.org/conda-forge/osx-arm64/taplo-0.10.0-h2b2570c_1.conda
  sha256: c05b9d0bb740f48671d643d0e258639a3e727785b1eb62582385943ddabc5b6b
  md5: 7b818d29210b93c231bc5bb0cd133d3b
  depends:
  - __osx >=11.0
  - openssl >=3.5.0,<4.0a0
  constrains:
  - __osx >=11.0
  license: MIT
  license_family: MIT
  size: 4005794
  timestamp: 1748302845549
- conda: https://conda.anaconda.org/conda-forge/win-64/taplo-0.10.0-h63977a8_1.conda
  sha256: b38dd1dd1fe52d26f739d144a85fd277103320bd8e037b66a299457d5a827a04
  md5: 5fc2fa2f444b00e0f5b1f60a23f2c2f8
  depends:
  - vc >=14.2,<15
  - vc14_runtime >=14.29.30139
  - ucrt >=10.0.20348.0
  - vc >=14.2,<15
  - vc14_runtime >=14.29.30139
  - ucrt >=10.0.20348.0
  license: MIT
  license_family: MIT
  size: 4441127
  timestamp: 1748302918824
- conda: https://conda.anaconda.org/conda-forge/win-64/ucrt-10.0.26100.0-h57928b3_0.conda
  sha256: 3005729dce6f3d3f5ec91dfc49fc75a0095f9cd23bab49efb899657297ac91a5
  md5: 71b24316859acd00bdb8b38f5e2ce328
  constrains:
  - vc14_runtime >=14.29.30037
  - vs2015_runtime >=14.29.30037
  license: LicenseRef-MicrosoftWindowsSDK10
  size: 694692
  timestamp: 1756385147981
- conda: https://conda.anaconda.org/conda-forge/win-64/vc-14.3-h41ae7f8_34.conda
  sha256: 9dc40c2610a6e6727d635c62cced5ef30b7b30123f5ef67d6139e23d21744b3a
  md5: 1e610f2416b6acdd231c5f573d754a0f
  depends:
  - vc14_runtime >=14.44.35208
  track_features:
  - vc14
  license: BSD-3-Clause
  license_family: BSD
  size: 19356
  timestamp: 1767320221521
- conda: https://conda.anaconda.org/conda-forge/win-64/vc14_runtime-14.44.35208-h818238b_34.conda
  sha256: 02732f953292cce179de9b633e74928037fa3741eb5ef91c3f8bae4f761d32a5
  md5: 37eb311485d2d8b2c419449582046a42
  depends:
  - ucrt >=10.0.20348.0
  - vcomp14 14.44.35208 h818238b_34
  constrains:
  - vs2015_runtime 14.44.35208.* *_34
  license: LicenseRef-MicrosoftVisualCpp2015-2022Runtime
  license_family: Proprietary
  size: 683233
  timestamp: 1767320219644
- conda: https://conda.anaconda.org/conda-forge/win-64/vcomp14-14.44.35208-h818238b_34.conda
  sha256: 878d5d10318b119bd98ed3ed874bd467acbe21996e1d81597a1dbf8030ea0ce6
  md5: 242d9f25d2ae60c76b38a5e42858e51d
  depends:
  - ucrt >=10.0.20348.0
  constrains:
  - vs2015_runtime 14.44.35208.* *_34
  license: LicenseRef-MicrosoftVisualCpp2015-2022Runtime
  license_family: Proprietary
  size: 115235
  timestamp: 1767320173250
- conda: https://conda.anaconda.org/conda-forge/linux-64/zstd-1.5.7-hb78ec9c_6.conda
  sha256: 68f0206ca6e98fea941e5717cec780ed2873ffabc0e1ed34428c061e2c6268c7
  md5: 4a13eeac0b5c8e5b8ab496e6c4ddd829
  depends:
  - __glibc >=2.17,<3.0.a0
  - libzlib >=1.3.1,<2.0a0
  license: BSD-3-Clause
  license_family: BSD
  size: 601375
  timestamp: 1764777111296
- conda: https://conda.anaconda.org/conda-forge/osx-64/zstd-1.5.7-h3eecb57_6.conda
  sha256: 47101a4055a70a4876ffc87b750ab2287b67eca793f21c8224be5e1ee6394d3f
  md5: 727109b184d680772e3122f40136d5ca
  depends:
  - __osx >=10.13
  - libzlib >=1.3.1,<2.0a0
  license: BSD-3-Clause
  license_family: BSD
  size: 528148
  timestamp: 1764777156963
- conda: https://conda.anaconda.org/conda-forge/osx-arm64/zstd-1.5.7-hbf9d68e_6.conda
  sha256: 9485ba49e8f47d2b597dd399e88f4802e100851b27c21d7525625b0b4025a5d9
  md5: ab136e4c34e97f34fb621d2592a393d8
  depends:
  - __osx >=11.0
  - libzlib >=1.3.1,<2.0a0
  license: BSD-3-Clause
  license_family: BSD
  size: 433413
  timestamp: 1764777166076
