version: 6
environments:
  default:
    channels:
    - url: https://conda.anaconda.org/conda-forge/
    - url: https://prefix.dev/pfyss-forge/
    options:
      pypi-prerelease-mode: if-necessary-or-explicit
    packages:
      linux-64:
      - conda: https://conda.anaconda.org/conda-forge/linux-64/_openmp_mutex-4.5-20_gnu.conda
      - conda: https://conda.anaconda.org/conda-forge/linux-64/c-ares-1.34.6-hb03c661_0.conda
      - conda: https://conda.anaconda.org/conda-forge/noarch/ca-certificates-2026.2.25-hbd8a1cb_0.conda
      - conda: https://prefix.dev/pfyss-forge/linux-64/dart-sass-1.97.3-hb0f4dca_0.conda
      - conda: https://conda.anaconda.org/conda-forge/linux-64/hugo-0.161.1-hecca717_0.conda
      - conda: https://conda.anaconda.org/conda-forge/linux-64/icu-78.2-h33c6efd_0.conda
      - conda: https://conda.anaconda.org/conda-forge/linux-64/libabseil-20260107.1-cxx17_h7b12aa8_0.conda
      - conda: https://conda.anaconda.org/conda-forge/linux-64/libbrotlicommon-1.2.0-hb03c661_1.conda
      - conda: https://conda.anaconda.org/conda-forge/linux-64/libbrotlidec-1.2.0-hb03c661_1.conda
      - conda: https://conda.anaconda.org/conda-forge/linux-64/libbrotlienc-1.2.0-hb03c661_1.conda
      - conda: https://conda.anaconda.org/conda-forge/linux-64/libev-4.33-hd590300_2.conda
      - conda: https://conda.anaconda.org/conda-forge/linux-64/libgcc-15.2.0-he0feb66_18.conda
      - conda: https://conda.anaconda.org/conda-forge/linux-64/libgcc-ng-15.2.0-h69a702a_18.conda
      - conda: https://conda.anaconda.org/conda-forge/linux-64/libgomp-15.2.0-he0feb66_18.conda
      - conda: https://conda.anaconda.org/conda-forge/linux-64/libnghttp2-1.67.0-had1ee68_0.conda
      - conda: https://conda.anaconda.org/conda-forge/linux-64/libsqlite-3.51.2-hf4e2dac_0.conda
      - conda: https://conda.anaconda.org/conda-forge/linux-64/libstdcxx-15.2.0-h934c35e_18.conda
      - conda: https://conda.anaconda.org/conda-forge/linux-64/libuv-1.51.0-hb03c661_1.conda
      - conda: https://conda.anaconda.org/conda-forge/linux-64/libzlib-1.3.1-hb9d3cd8_2.conda
      - conda: https://conda.anaconda.org/conda-forge/linux-64/nodejs-25.7.0-he4ff34a_0.conda
      - conda: https://conda.anaconda.org/conda-forge/linux-64/openssl-3.6.1-h35e630c_1.conda
      - conda: https://conda.anaconda.org/conda-forge/linux-64/zstd-1.5.7-hb78ec9c_6.conda
      osx-arm64:
      - conda: https://conda.anaconda.org/conda-forge/osx-arm64/c-ares-1.34.6-hc919400_0.conda
      - conda: https://conda.anaconda.org/conda-forge/noarch/ca-certificates-2026.2.25-hbd8a1cb_0.conda
      - conda: https://prefix.dev/pfyss-forge/osx-arm64/dart-sass-1.97.3-h60d57d3_0.conda
      - conda: https://conda.anaconda.org/conda-forge/osx-arm64/hugo-0.161.1-ha4d9615_0.conda
      - conda: https://conda.anaconda.org/conda-forge/osx-arm64/icu-78.2-hef89b57_0.conda
      - conda: https://conda.anaconda.org/conda-forge/osx-arm64/libabseil-20260107.1-cxx17_h2062a1b_0.conda
      - conda: https://conda.anaconda.org/conda-forge/osx-arm64/libbrotlicommon-1.2.0-hc919400_1.conda
      - conda: https://conda.anaconda.org/conda-forge/osx-arm64/libbrotlidec-1.2.0-hc919400_1.conda
      - conda: https://conda.anaconda.org/conda-forge/osx-arm64/libbrotlienc-1.2.0-hc919400_1.conda
      - conda: https://conda.anaconda.org/conda-forge/osx-arm64/libcxx-22.1.0-h55c6f16_1.conda
      - conda: https://conda.anaconda.org/conda-forge/osx-arm64/libev-4.33-h93a5062_2.conda
      - conda: https://conda.anaconda.org/conda-forge/osx-arm64/libnghttp2-1.67.0-hc438710_0.conda
      - conda: https://conda.anaconda.org/conda-forge/osx-arm64/libsqlite-3.51.2-h1ae2325_0.conda
      - conda: https://conda.anaconda.org/conda-forge/osx-arm64/libuv-1.51.0-h6caf38d_1.conda
      - conda: https://conda.anaconda.org/conda-forge/osx-arm64/libzlib-1.3.1-h8359307_2.conda
      - conda: https://conda.anaconda.org/conda-forge/osx-arm64/nodejs-25.7.0-hbfc8e16_0.conda
      - conda: https://conda.anaconda.org/conda-forge/osx-arm64/openssl-3.6.1-hd24854e_1.conda
      - conda: https://conda.anaconda.org/conda-forge/osx-arm64/zstd-1.5.7-hbf9d68e_6.conda
      win-64:
      - conda: https://prefix.dev/pfyss-forge/win-64/dart-sass-1.97.3-h9490d1a_0.conda
      - conda: https://conda.anaconda.org/conda-forge/win-64/hugo-0.161.1-h62f35c0_0.conda
      - conda: https://conda.anaconda.org/conda-forge/win-64/nodejs-25.7.0-h80d1838_0.conda
      - conda: https://conda.anaconda.org/conda-forge/win-64/ucrt-10.0.26100.0-h57928b3_0.conda
  lint:
    channels:
    - url: https://conda.anaconda.org/conda-forge/
    - url: https://prefix.dev/pfyss-forge/
    options:
      pypi-prerelease-mode: if-necessary-or-explicit
    packages:
      linux-64:
      - conda: https://conda.anaconda.org/conda-forge/linux-64/_openmp_mutex-4.5-20_gnu.conda
      - conda: https://conda.anaconda.org/conda-forge/linux-64/actionlint-1.7.11-h965158b_0.conda
      - conda: https://conda.anaconda.org/conda-forge/linux-64/c-ares-1.34.6-hb03c661_0.conda
      - conda: https://conda.anaconda.org/conda-forge/noarch/ca-certificates-2026.2.25-hbd8a1cb_0.conda
      - conda: https://prefix.dev/pfyss-forge/linux-64/dart-sass-1.97.3-hb0f4dca_0.conda
      - conda: https://conda.anaconda.org/conda-forge/noarch/eslint-10.0.2-hee61e0b_0.conda
      - conda: https://conda.anaconda.org/conda-forge/linux-64/hugo-0.161.1-hecca717_0.conda
      - conda: https://conda.anaconda.org/conda-forge/linux-64/icu-78.2-h33c6efd_0.conda
      - conda: https://conda.anaconda.org/conda-forge/linux-64/lefthook-2.1.1-hfc2019e_0.conda
      - conda: https://conda.anaconda.org/conda-forge/linux-64/libbrotlicommon-1.2.0-hb03c661_1.conda
      - conda: https://conda.anaconda.org/conda-forge/linux-64/libbrotlidec-1.2.0-hb03c661_1.conda
      - conda: https://conda.anaconda.org/conda-forge/linux-64/libbrotlienc-1.2.0-hb03c661_1.conda
      - conda: https://conda.anaconda.org/conda-forge/linux-64/libev-4.33-hd590300_2.conda
      - conda: https://conda.anaconda.org/conda-forge/linux-64/libgcc-15.2.0-he0feb66_18.conda
      - conda: https://conda.anaconda.org/conda-forge/linux-64/libgcc-ng-15.2.0-h69a702a_18.conda
      - conda: https://conda.anaconda.org/conda-forge/linux-64/libgomp-15.2.0-he0feb66_18.conda
      - conda: https://conda.anaconda.org/conda-forge/linux-64/libnghttp2-1.67.0-had1ee68_0.conda
      - conda: https://conda.anaconda.org/conda-forge/linux-64/libsqlite-3.51.2-hf4e2dac_0.conda
      - conda: https://conda.anaconda.org/conda-forge/linux-64/libstdcxx-15.2.0-h934c35e_18.conda
      - conda: https://conda.anaconda.org/conda-forge/linux-64/libuv-1.51.0-hb03c661_1.conda
      - conda: https://conda.anaconda.org/conda-forge/linux-64/libzlib-1.3.1-hb9d3cd8_2.conda
      - conda: https://conda.anaconda.org/conda-forge/linux-64/nodejs-24.14.0-h3d65ac4_0.conda
      - conda: https://conda.anaconda.org/conda-forge/linux-64/openssl-3.6.1-h35e630c_1.conda
      - conda: https://conda.anaconda.org/conda-forge/linux-64/prettier-3.8.1-h7e4c9f4_0.conda
      - conda: https://conda.anaconda.org/conda-forge/linux-64/taplo-0.10.0-h2d22210_1.conda
      - conda: https://conda.anaconda.org/conda-forge/linux-64/zstd-1.5.7-hb78ec9c_6.conda
      osx-arm64:
      - conda: https://conda.anaconda.org/conda-forge/osx-arm64/actionlint-1.7.11-hecf0d97_0.conda
      - conda: https://conda.anaconda.org/conda-forge/osx-arm64/c-ares-1.34.6-hc919400_0.conda
      - conda: https://conda.anaconda.org/conda-forge/noarch/ca-certificates-2026.2.25-hbd8a1cb_0.conda
      - conda: https://prefix.dev/pfyss-forge/osx-arm64/dart-sass-1.97.3-h60d57d3_0.conda
      - conda: https://conda.anaconda.org/conda-forge/noarch/eslint-10.0.2-hee61e0b_0.conda
      - conda: https://conda.anaconda.org/conda-forge/osx-arm64/hugo-0.161.1-ha4d9615_0.conda
      - conda: https://conda.anaconda.org/conda-forge/osx-arm64/icu-78.2-hef89b57_0.conda
      - conda: https://conda.anaconda.org/conda-forge/osx-arm64/lefthook-2.1.1-h820172f_0.conda
      - conda: https://conda.anaconda.org/conda-forge/osx-arm64/libbrotlicommon-1.2.0-hc919400_1.conda
      - conda: https://conda.anaconda.org/conda-forge/osx-arm64/libbrotlidec-1.2.0-hc919400_1.conda
      - conda: https://conda.anaconda.org/conda-forge/osx-arm64/libbrotlienc-1.2.0-hc919400_1.conda
      - conda: https://conda.anaconda.org/conda-forge/osx-arm64/libcxx-22.1.0-h55c6f16_1.conda
      - conda: https://conda.anaconda.org/conda-forge/osx-arm64/libev-4.33-h93a5062_2.conda
      - conda: https://conda.anaconda.org/conda-forge/osx-arm64/libnghttp2-1.67.0-hc438710_0.conda
      - conda: https://conda.anaconda.org/conda-forge/osx-arm64/libsqlite-3.51.2-h1ae2325_0.conda
      - conda: https://conda.anaconda.org/conda-forge/osx-arm64/libuv-1.51.0-h6caf38d_1.conda
      - conda: https://conda.anaconda.org/conda-forge/osx-arm64/libzlib-1.3.1-h8359307_2.conda
      - conda: https://conda.anaconda.org/conda-forge/osx-arm64/nodejs-24.14.0-h396074d_0.conda
      - conda: https://conda.anaconda.org/conda-forge/osx-arm64/openssl-3.6.1-hd24854e_1.conda
      - conda: https://conda.anaconda.org/conda-forge/osx-arm64/prettier-3.8.1-h9907cc9_0.conda
      - conda: https://conda.anaconda.org/conda-forge/osx-arm64/taplo-0.10.0-h2b2570c_1.conda
      - conda: https://conda.anaconda.org/conda-forge/osx-arm64/zstd-1.5.7-hbf9d68e_6.conda
      win-64:
      - conda: https://conda.anaconda.org/conda-forge/win-64/actionlint-1.7.11-he477eed_0.conda
      - conda: https://prefix.dev/pfyss-forge/win-64/dart-sass-1.97.3-h9490d1a_0.conda
      - conda: https://conda.anaconda.org/conda-forge/noarch/eslint-10.0.2-hee61e0b_0.conda
      - conda: https://conda.anaconda.org/conda-forge/win-64/hugo-0.161.1-h62f35c0_0.conda
      - conda: https://conda.anaconda.org/conda-forge/win-64/lefthook-2.1.1-h11686cb_0.conda
      - conda: https://conda.anaconda.org/conda-forge/win-64/nodejs-22.22.0-he453025_0.conda
      - conda: https://conda.anaconda.org/conda-forge/win-64/prettier-3.8.1-hc95d2ff_0.conda
      - conda: https://conda.anaconda.org/conda-forge/win-64/taplo-0.10.0-h63977a8_1.conda
      - conda: https://conda.anaconda.org/conda-forge/win-64/ucrt-10.0.26100.0-h57928b3_0.conda
      - conda: https://conda.anaconda.org/conda-forge/win-64/vc-14.3-h41ae7f8_34.conda
      - conda: https://conda.anaconda.org/conda-forge/win-64/vc14_runtime-14.44.35208-h818238b_34.conda
      - conda: https://conda.anaconda.org/conda-forge/win-64/vcomp14-14.44.35208-h818238b_34.conda
  tools:
    channels:
    - url: https://conda.anaconda.org/conda-forge/
    - url: https://prefix.dev/pfyss-forge/
    options:
      pypi-prerelease-mode: if-necessary-or-explicit
    packages: {}
packages:
- conda: https://conda.anaconda.org/conda-forge/linux-64/_openmp_mutex-4.5-20_gnu.conda
  build_number: 20
  sha256: 1dd3fffd892081df9726d7eb7e0dea6198962ba775bd88842135a4ddb4deb3c9
  md5: a9f577daf3de00bca7c3c76c0ecbd1de
  depends:
  - __glibc >=2.17,<3.0.a0
  - libgomp >=7.5.0
  constrains:
  - openmp_impl <0.0a0
  license: BSD-3-Clause
  license_family: BSD
  size: 28948
  timestamp: 1770939786096
- conda: https://conda.anaconda.org/conda-forge/linux-64/actionlint-1.7.11-h965158b_0.conda
  sha256: a5c3121d2050f54a16b16a217f19290c82f8d768eda2d37476629b5be9a22ffb
  md5: 6171ffc4ae98dce48a18ec2985eacd2d
  depends:
  - __glibc >=2.17
  - __glibc >=2.17,<3.0.a0
  - libgcc >=14
  license: MIT
  license_family: MIT
  size: 2065213
  timestamp: 1771078081406
- conda: https://conda.anaconda.org/conda-forge/osx-arm64/actionlint-1.7.11-hecf0d97_0.conda
  sha256: 6d6ecd6b78dfd0b9b8edaff7d21b25bfabdb26aa06adc2991f078b969e0d9431
  md5: 58263f3df36234a5842e6d72d75cddbf
  depends:
  - __osx >=11.0
  license: MIT
  license_family: MIT
  size: 1816433
  timestamp: 1771078105465
- conda: https://conda.anaconda.org/conda-forge/win-64/actionlint-1.7.11-he477eed_0.conda
  sha256: 0c39ab61884b228aa2e78cd541f06a7241b81bdfe94b9791bd05629b342e9021
  md5: 21dabe4779fa2db85e4a6065563155c7
  depends:
  - vc >=14.3,<15
  - vc14_runtime >=14.44.35208
  - ucrt >=10.0.20348.0
  license: MIT
  license_family: MIT
  size: 2089345
  timestamp: 1771078124063
- conda: https://conda.anaconda.org/conda-forge/linux-64/c-ares-1.34.6-hb03c661_0.conda
  sha256: cc9accf72fa028d31c2a038460787751127317dcfa991f8d1f1babf216bb454e
  md5: 920bb03579f15389b9e512095ad995b7
  depends:
  - __glibc >=2.17,<3.0.a0
  - libgcc >=14
  license: MIT
  license_family: MIT
  size: 207882
  timestamp: 1765214722852
- conda: https://conda.anaconda.org/conda-forge/osx-arm64/c-ares-1.34.6-hc919400_0.conda
  sha256: 2995f2aed4e53725e5efbc28199b46bf311c3cab2648fc4f10c2227d6d5fa196
  md5: bcb3cba70cf1eec964a03b4ba7775f01
  depends:
  - __osx >=11.0
  license: MIT
  license_family: MIT
  size: 180327
  timestamp: 1765215064054
- conda: https://conda.anaconda.org/conda-forge/noarch/ca-certificates-2026.2.25-hbd8a1cb_0.conda
  sha256: 67cc7101b36421c5913a1687ef1b99f85b5d6868da3abbf6ec1a4181e79782fc
  md5: 4492fd26db29495f0ba23f146cd5638d
  depends:
  - __unix
  license: ISC
  size: 147413
  timestamp: 1772006283803
- conda: https://prefix.dev/pfyss-forge/linux-64/dart-sass-1.97.3-hb0f4dca_0.conda
  sha256: d614f1e2c6e803db1fd1e272217ed781c54072b3b651ec80146d38580a9795e6
  md5: b3bef4160f856ceb8153a0809c6184f8
  license: MIT
  size: 4099605
  timestamp: 1772290859771
- conda: https://prefix.dev/pfyss-forge/osx-arm64/dart-sass-1.97.3-h60d57d3_0.conda
  sha256: 312d5a362a09c18e6d5688499a159c59944540d09a7f92f63cc1e90d4ca9b3a7
  md5: 5f98e11a264128734776f9163170802a
  license: MIT
  size: 3611379
  timestamp: 1772208828122
- conda: https://prefix.dev/pfyss-forge/win-64/dart-sass-1.97.3-h9490d1a_0.conda
  sha256: 4cea3f5b491652ed152e13ceb877d501c1d4e334c60c0893d7c2baaa1f618a70
  md5: b2f61e4e2decf2b7d8932e530d481f1a
  license: MIT
  size: 3965284
  timestamp: 1772212676531
- conda: https://conda.anaconda.org/conda-forge/noarch/eslint-10.0.2-hee61e0b_0.conda
  sha256: 1c90954b00b1c4811f90037b9a59b85a147635a2b039815e8a96219feea092ea
  md5: adbead14faba6c0c5311df361afaed7b
  depends:
  - nodejs
  license: MIT
  license_family: MIT
  size: 1319350
  timestamp: 1771980659201
- conda: https://conda.anaconda.org/conda-forge/linux-64/hugo-0.161.1-hecca717_0.conda
  sha256: 5693d3a4ae492953c3f092776c9284db6999bbe544bb3f3ce8c7e7f2f853d340
  md5: 57b864b2d0efbb472be6167788c0df0d
  depends:
  - __glibc >=2.17
  - __glibc >=2.17,<3.0.a0
  - libgcc >=14
  - libstdcxx >=14
  license: Apache-2.0
  license_family: APACHE
  size: 18512470
  timestamp: 1777484322301
- conda: https://conda.anaconda.org/conda-forge/osx-arm64/hugo-0.161.1-ha4d9615_0.conda
  sha256: b9224ef612a666f2339f5fc9847acc5d80a8bb7179eb7c89b960575f16912814
  md5: 579fd8c53fedbdc707bbee6f8c78237f
  depends:
  - __osx >=12.3
  - libcxx >=19
  license: Apache-2.0
  license_family: APACHE
  size: 16324721
  timestamp: 1777485454580
- conda: https://conda.anaconda.org/conda-forge/win-64/hugo-0.161.1-h62f35c0_0.conda
  sha256: 149bcf9485eb4ca4df6fd929f2f9ca4fbb1b2a3cc35927a85e450b5f05a183f5
  md5: 6f58d8f5fe09ec867ccdb4097222643b
  depends:
  - ucrt >=10.0.20348.0
  license: Apache-2.0
  license_family: APACHE
  size: 17997633
  timestamp: 1777484792279
- conda: https://conda.anaconda.org/conda-forge/linux-64/icu-78.2-h33c6efd_0.conda
  sha256: 142a722072fa96cf16ff98eaaf641f54ab84744af81754c292cb81e0881c0329
  md5: 186a18e3ba246eccfc7cff00cd19a870
  depends:
  - __glibc >=2.17,<3.0.a0
  - libgcc >=14
  - libstdcxx >=14
  license: MIT
  license_family: MIT
  size: 12728445
  timestamp: 1767969922681
- conda: https://conda.anaconda.org/conda-forge/osx-arm64/icu-78.2-hef89b57_0.conda
  sha256: 24bc62335106c30fecbcc1dba62c5eba06d18b90ea1061abd111af7b9c89c2d7
  md5: 114e6bfe7c5ad2525eb3597acdbf2300
  depends:
  - __osx >=11.0
  license: MIT
  license_family: MIT
  size: 12389400
  timestamp: 1772209104304
- conda: https://conda.anaconda.org/conda-forge/linux-64/lefthook-2.1.1-hfc2019e_0.conda
  sha256: e8efb8381edcffe8ae7c10dc64480037e3cc0c16021b599c8b76a07769d05904
  md5: 9f9cebad9936bc1743334084c0a27739
  license: MIT
  license_family: MIT
  size: 5409727
  timestamp: 1770905219267
- conda: https://conda.anaconda.org/conda-forge/osx-arm64/lefthook-2.1.1-h820172f_0.conda
  sha256: b947d3ad77714b062dad5562b89f08e38c0f1b97536533b762143fd6f2c5e547
  md5: 372cc0f19142aa66d62ff22c5caf8520
  license: MIT
  license_family: MIT
  size: 4863513
  timestamp: 1770905316649
- conda: https://conda.anaconda.org/conda-forge/win-64/lefthook-2.1.1-h11686cb_0.conda
  sha256: ffbb6455609f43a933df269b7b7c24a9e694864ab28428602d0fc7ee4a9962d7
  md5: 03df7d6458d5c559f480ce31aa7c15fa
  license: MIT
  license_family: MIT
  size: 5345121
  timestamp: 1770905270840
- conda: https://conda.anaconda.org/conda-forge/linux-64/libabseil-20260107.1-cxx17_h7b12aa8_0.conda
  sha256: a7a4481a4d217a3eadea0ec489826a69070fcc3153f00443aa491ed21527d239
  md5: 6f7b4302263347698fd24565fbf11310
  depends:
  - __glibc >=2.17,<3.0.a0
  - libgcc >=14
  - libstdcxx >=14
  constrains:
  - libabseil-static =20260107.1=cxx17*
  - abseil-cpp =20260107.1
  license: Apache-2.0
  license_family: Apache
  size: 1384817
  timestamp: 1770863194876
- conda: https://conda.anaconda.org/conda-forge/osx-arm64/libabseil-20260107.1-cxx17_h2062a1b_0.conda
  sha256: 756611fbb8d2957a5b4635d9772bd8432cb6ddac05580a6284cca6fdc9b07fca
  md5: bb65152e0d7c7178c0f1ee25692c9fd1
  depends:
  - __osx >=11.0
  - libcxx >=19
  constrains:
  - abseil-cpp =20260107.1
  - libabseil-static =20260107.1=cxx17*
  license: Apache-2.0
  license_family: Apache
  size: 1229639
  timestamp: 1770863511331
- conda: https://conda.anaconda.org/conda-forge/linux-64/libbrotlicommon-1.2.0-hb03c661_1.conda
  sha256: 318f36bd49ca8ad85e6478bd8506c88d82454cc008c1ac1c6bf00a3c42fa610e
  md5: 72c8fd1af66bd67bf580645b426513ed
  depends:
  - __glibc >=2.17,<3.0.a0
  - libgcc >=14
  license: MIT
  license_family: MIT
  size: 79965
  timestamp: 1764017188531
- conda: https://conda.anaconda.org/conda-forge/osx-arm64/libbrotlicommon-1.2.0-hc919400_1.conda
  sha256: a7cb9e660531cf6fbd4148cff608c85738d0b76f0975c5fc3e7d5e92840b7229
  md5: 006e7ddd8a110771134fcc4e1e3a6ffa
  depends:
  - __osx >=11.0
  license: MIT
  license_family: MIT
  size: 79443
  timestamp: 1764017945924
- conda: https://conda.anaconda.org/conda-forge/linux-64/libbrotlidec-1.2.0-hb03c661_1.conda
  sha256: 12fff21d38f98bc446d82baa890e01fd82e3b750378fedc720ff93522ffb752b
  md5: 366b40a69f0ad6072561c1d09301c886
  depends:
  - __glibc >=2.17,<3.0.a0
  - libbrotlicommon 1.2.0 hb03c661_1
  - libgcc >=14
  license: MIT
  license_family: MIT
  size: 34632
  timestamp: 1764017199083
- conda: https://conda.anaconda.org/conda-forge/osx-arm64/libbrotlidec-1.2.0-hc919400_1.conda
  sha256: 2eae444039826db0454b19b52a3390f63bfe24f6b3e63089778dd5a5bf48b6bf
  md5: 079e88933963f3f149054eec2c487bc2
  depends:
  - __osx >=11.0
  - libbrotlicommon 1.2.0 hc919400_1
  license: MIT
  license_family: MIT
  size: 29452
  timestamp: 1764017979099
- conda: https://conda.anaconda.org/conda-forge/linux-64/libbrotlienc-1.2.0-hb03c661_1.conda
  sha256: a0c15c79997820bbd3fbc8ecf146f4fe0eca36cc60b62b63ac6cf78857f1dd0d
  md5: 4ffbb341c8b616aa2494b6afb26a0c5f
  depends:
  - __glibc >=2.17,<3.0.a0
  - libbrotlicommon 1.2.0 hb03c661_1
  - libgcc >=14
  license: MIT
  license_family: MIT
  size: 298378
  timestamp: 1764017210931
- conda: https://conda.anaconda.org/conda-forge/osx-arm64/libbrotlienc-1.2.0-hc919400_1.conda
  sha256: 01436c32bb41f9cb4bcf07dda647ce4e5deb8307abfc3abdc8da5317db8189d1
  md5: b2b7c8288ca1a2d71ff97a8e6a1e8883
  depends:
  - __osx >=11.0
  - libbrotlicommon 1.2.0 hc919400_1
  license: MIT
  license_family: MIT
  size: 290754
  timestamp: 1764018009077
- conda: https://conda.anaconda.org/conda-forge/osx-arm64/libcxx-22.1.0-h55c6f16_1.conda
  sha256: ce1049fa6fda9cf08ff1c50fb39573b5b0ea6958375d8ea7ccd8456ab81a0bcb
  md5: e9c56daea841013e7774b5cd46f41564
  depends:
  - __osx >=11.0
  license: Apache-2.0 WITH LLVM-exception
  license_family: Apache
  size: 568910
  timestamp: 1772001095642
- conda: https://conda.anaconda.org/conda-forge/linux-64/libev-4.33-hd590300_2.conda
  sha256: 1cd6048169fa0395af74ed5d8f1716e22c19a81a8a36f934c110ca3ad4dd27b4
  md5: 172bf1cd1ff8629f2b1179945ed45055
  depends:
  - libgcc-ng >=12
  license: BSD-2-Clause
  license_family: BSD
  size: 112766
  timestamp: 1702146165126
- conda: https://conda.anaconda.org/conda-forge/osx-arm64/libev-4.33-h93a5062_2.conda
  sha256: 95cecb3902fbe0399c3a7e67a5bed1db813e5ab0e22f4023a5e0f722f2cc214f
  md5: 36d33e440c31857372a72137f78bacf5
  license: BSD-2-Clause
  license_family: BSD
  size: 107458
  timestamp: 1702146414478
- conda: https://conda.anaconda.org/conda-forge/linux-64/libgcc-15.2.0-he0feb66_18.conda
  sha256: faf7d2017b4d718951e3a59d081eb09759152f93038479b768e3d612688f83f5
  md5: 0aa00f03f9e39fb9876085dee11a85d4
  depends:
  - __glibc >=2.17,<3.0.a0
  - _openmp_mutex >=4.5
  constrains:
  - libgcc-ng ==15.2.0=*_18
  - libgomp 15.2.0 he0feb66_18
  license: GPL-3.0-only WITH GCC-exception-3.1
  license_family: GPL
  size: 1041788
  timestamp: 1771378212382
- conda: https://conda.anaconda.org/conda-forge/linux-64/libgcc-ng-15.2.0-h69a702a_18.conda
  sha256: e318a711400f536c81123e753d4c797a821021fb38970cebfb3f454126016893
  md5: d5e96b1ed75ca01906b3d2469b4ce493
  depends:
  - libgcc 15.2.0 he0feb66_18
  license: GPL-3.0-only WITH GCC-exception-3.1
  license_family: GPL
  size: 27526
  timestamp: 1771378224552
- conda: https://conda.anaconda.org/conda-forge/linux-64/libgomp-15.2.0-he0feb66_18.conda
  sha256: 21337ab58e5e0649d869ab168d4e609b033509de22521de1bfed0c031bfc5110
  md5: 239c5e9546c38a1e884d69effcf4c882
  depends:
  - __glibc >=2.17,<3.0.a0
  license: GPL-3.0-only WITH GCC-exception-3.1
  license_family: GPL
  size: 603262
  timestamp: 1771378117851
- conda: https://conda.anaconda.org/conda-forge/linux-64/libnghttp2-1.67.0-had1ee68_0.conda
  sha256: a4a7dab8db4dc81c736e9a9b42bdfd97b087816e029e221380511960ac46c690
  md5: b499ce4b026493a13774bcf0f4c33849
  depends:
  - __glibc >=2.17,<3.0.a0
  - c-ares >=1.34.5,<2.0a0
  - libev >=4.33,<4.34.0a0
  - libev >=4.33,<5.0a0
  - libgcc >=14
  - libstdcxx >=14
  - libzlib >=1.3.1,<2.0a0
  - openssl >=3.5.2,<4.0a0
  license: MIT
  license_family: MIT
  size: 666600
  timestamp: 1756834976695
- conda: https://conda.anaconda.org/conda-forge/osx-arm64/libnghttp2-1.67.0-hc438710_0.conda
  sha256: a07cb53b5ffa2d5a18afc6fd5a526a5a53dd9523fbc022148bd2f9395697c46d
  md5: a4b4dd73c67df470d091312ab87bf6ae
  depends:
  - __osx >=11.0
  - c-ares >=1.34.5,<2.0a0
  - libcxx >=19
  - libev >=4.33,<4.34.0a0
  - libev >=4.33,<5.0a0
  - libzlib >=1.3.1,<2.0a0
  - openssl >=3.5.2,<4.0a0
  license: MIT
  license_family: MIT
  size: 575454
  timestamp: 1756835746393
- conda: https://conda.anaconda.org/conda-forge/linux-64/libsqlite-3.51.2-hf4e2dac_0.conda
  sha256: 04596fcee262a870e4b7c9807224680ff48d4d0cc0dac076a602503d3dc6d217
  md5: da5be73701eecd0e8454423fd6ffcf30
  depends:
  - __glibc >=2.17,<3.0.a0
  - icu >=78.2,<79.0a0
  - libgcc >=14
  - libzlib >=1.3.1,<2.0a0
  license: blessing
  size: 942808
  timestamp: 1768147973361
- conda: https://conda.anaconda.org/conda-forge/osx-arm64/libsqlite-3.51.2-h1ae2325_0.conda
  sha256: 6e9b9f269732cbc4698c7984aa5b9682c168e2a8d1e0406e1ff10091ca046167
  md5: 4b0bf313c53c3e89692f020fb55d5f2c
  depends:
  - __osx >=11.0
  - icu >=78.2,<79.0a0
  - libzlib >=1.3.1,<2.0a0
  license: blessing
  size: 909777
  timestamp: 1768148320535
- conda: https://conda.anaconda.org/conda-forge/linux-64/libstdcxx-15.2.0-h934c35e_18.conda
  sha256: 78668020064fdaa27e9ab65cd2997e2c837b564ab26ce3bf0e58a2ce1a525c6e
  md5: 1b08cd684f34175e4514474793d44bcb
  depends:
  - __glibc >=2.17,<3.0.a0
  - libgcc 15.2.0 he0feb66_18
  constrains:
  - libstdcxx-ng ==15.2.0=*_18
  license: GPL-3.0-only WITH GCC-exception-3.1
  license_family: GPL
  size: 5852330
  timestamp: 1771378262446
- conda: https://conda.anaconda.org/conda-forge/linux-64/libuv-1.51.0-hb03c661_1.conda
  sha256: c180f4124a889ac343fc59d15558e93667d894a966ec6fdb61da1604481be26b
  md5: 0f03292cc56bf91a077a134ea8747118
  depends:
  - __glibc >=2.17,<3.0.a0
  - libgcc >=14
  license: MIT
  license_family: MIT
  size: 895108
  timestamp: 1753948278280
- conda: https://conda.anaconda.org/conda-forge/osx-arm64/libuv-1.51.0-h6caf38d_1.conda
  sha256: 042c7488ad97a5629ec0a991a8b2a3345599401ecc75ad6a5af73b60e6db9689
  md5: c0d87c3c8e075daf1daf6c31b53e8083
  depends:
  - __osx >=11.0
  license: MIT
  license_family: MIT
  size: 421195
  timestamp: 1753948426421
- conda: https://conda.anaconda.org/conda-forge/linux-64/libzlib-1.3.1-hb9d3cd8_2.conda
  sha256: d4bfe88d7cb447768e31650f06257995601f89076080e76df55e3112d4e47dc4
  md5: edb0dca6bc32e4f4789199455a1dbeb8
  depends:
  - __glibc >=2.17,<3.0.a0
  - libgcc >=13
  constrains:
  - zlib 1.3.1 *_2
  license: Zlib
  license_family: Other
  size: 60963
  timestamp: 1727963148474
- conda: https://conda.anaconda.org/conda-forge/osx-arm64/libzlib-1.3.1-h8359307_2.conda
  sha256: ce34669eadaba351cd54910743e6a2261b67009624dbc7daeeafdef93616711b
  md5: 369964e85dc26bfe78f41399b366c435
  depends:
  - __osx >=11.0
  constrains:
  - zlib 1.3.1 *_2
  license: Zlib
  license_family: Other
  size: 46438
  timestamp: 1727963202283
- conda: https://conda.anaconda.org/conda-forge/linux-64/nodejs-24.14.0-h3d65ac4_0.conda
  sha256: c529b48a724f47f9b50b0c8510c3a4348d12b254cfb366ad1d77f19311a6f275
  md5: 2ef8b1658ab236df39a14f2b1126796e
  depends:
  - __glibc >=2.28,<3.0.a0
  - libgcc >=14
  - libstdcxx >=14
  - libuv >=1.51.0,<2.0a0
  - libsqlite >=3.51.2,<4.0a0
  - zstd >=1.5.7,<1.6.0a0
  - libbrotlicommon >=1.2.0,<1.3.0a0
  - libbrotlienc >=1.2.0,<1.3.0a0
  - libbrotlidec >=1.2.0,<1.3.0a0
  - libnghttp2 >=1.67.0,<2.0a0
  - c-ares >=1.34.6,<2.0a0
  - libzlib >=1.3.1,<2.0a0
  - openssl >=3.5.5,<4.0a0
  - icu >=78.2,<79.0a0
  license: MIT
  license_family: MIT
  size: 17492447
  timestamp: 1772134245526
- conda: https://conda.anaconda.org/conda-forge/linux-64/nodejs-25.7.0-he4ff34a_0.conda
  sha256: 4791285a34195615e22a94dc62cbd43181548b34eb34e6cb1dcf8f469476a32e
  md5: ba562095149fde99c700365d90e6d632
  depends:
  - __glibc >=2.28,<3.0.a0
  - libstdcxx >=14
  - libgcc >=14
  - libnghttp2 >=1.67.0,<2.0a0
  - c-ares >=1.34.6,<2.0a0
  - zstd >=1.5.7,<1.6.0a0
  - libbrotlicommon >=1.2.0,<1.3.0a0
  - libbrotlienc >=1.2.0,<1.3.0a0
  - libbrotlidec >=1.2.0,<1.3.0a0
  - libuv >=1.51.0,<2.0a0
  - openssl >=3.5.5,<4.0a0
  - libabseil >=20260107.1,<20260108.0a0
  - libabseil * cxx17*
  - icu >=78.2,<79.0a0
  - libzlib >=1.3.1,<2.0a0
  - libsqlite >=3.51.2,<4.0a0
  license: MIT
  size: 18875002
  timestamp: 1772300115686
- conda: https://conda.anaconda.org/conda-forge/osx-arm64/nodejs-24.14.0-h396074d_0.conda
  sha256: d5330c8b13bd8a3d5e4b63d70b182ea1087bb8bd569e87c9e7df5493a0d0c0dc
  md5: e7252634a357f6388ab28a58e8f0e262
  depends:
  - __osx >=11.0
  - libcxx >=19
  - libuv >=1.51.0,<2.0a0
  - libzlib >=1.3.1,<2.0a0
  - zstd >=1.5.7,<1.6.0a0
  - libbrotlicommon >=1.2.0,<1.3.0a0
  - libbrotlienc >=1.2.0,<1.3.0a0
  - libbrotlidec >=1.2.0,<1.3.0a0
  - openssl >=3.5.5,<4.0a0
  - icu >=78.2,<79.0a0
  - libnghttp2 >=1.67.0,<2.0a0
  - libsqlite >=3.51.2,<4.0a0
  - c-ares >=1.34.6,<2.0a0
  license: MIT
  license_family: MIT
  size: 15780145
  timestamp: 1772134178021
- conda: https://conda.anaconda.org/conda-forge/osx-arm64/nodejs-25.7.0-hbfc8e16_0.conda
  sha256: 6398a45d2bb943585540d98a9b1b3bed1fb48fabd327b56eba2ece00e3dd202f
  md5: 22a4a51f30590f274bb3f831d911c09a
  depends:
  - __osx >=11.0
  - libcxx >=19
  - libsqlite >=3.51.2,<4.0a0
  - zstd >=1.5.7,<1.6.0a0
  - libbrotlicommon >=1.2.0,<1.3.0a0
  - libbrotlienc >=1.2.0,<1.3.0a0
  - libbrotlidec >=1.2.0,<1.3.0a0
  - libuv >=1.51.0,<2.0a0
  - libabseil >=20260107.1,<20260108.0a0
  - libabseil * cxx17*
  - icu >=78.2,<79.0a0
  - c-ares >=1.34.6,<2.0a0
  - openssl >=3.5.5,<4.0a0
  - libnghttp2 >=1.67.0,<2.0a0
  - libzlib >=1.3.1,<2.0a0
  license: MIT
  size: 17351648
  timestamp: 1772299122966
- conda: https://conda.anaconda.org/conda-forge/win-64/nodejs-22.22.0-he453025_0.conda
  sha256: 27e45a2b8051a270e3d1cd46b15316523324f3b7886b656e2f196a14af235333
  md5: d13dbd17682e13c1602e7eeff1f50614
  license: MIT
  license_family: MIT
  size: 29791983
  timestamp: 1771359794599
- conda: https://conda.anaconda.org/conda-forge/win-64/nodejs-25.7.0-h80d1838_0.conda
  sha256: 0ea0ddad32366396d1beda7ce93ddd3d9f705286c1a4f99f05ec0049183c1e97
  md5: 61b62d3be12c9edbe34f202d51891927
  license: MIT
  size: 31254428
  timestamp: 1772299132945
- conda: https://conda.anaconda.org/conda-forge/linux-64/openssl-3.6.1-h35e630c_1.conda
  sha256: 44c877f8af015332a5d12f5ff0fb20ca32f896526a7d0cdb30c769df1144fb5c
  md5: f61eb8cd60ff9057122a3d338b99c00f
  depends:
  - __glibc >=2.17,<3.0.a0
  - ca-certificates
  - libgcc >=14
  license: Apache-2.0
  license_family: Apache
  size: 3164551
  timestamp: 1769555830639
- conda: https://conda.anaconda.org/conda-forge/osx-arm64/openssl-3.6.1-hd24854e_1.conda
  sha256: 361f5c5e60052abc12bdd1b50d7a1a43e6a6653aab99a2263bf2288d709dcf67
  md5: f4f6ad63f98f64191c3e77c5f5f29d76
  depends:
  - __osx >=11.0
  - ca-certificates
  license: Apache-2.0
  license_family: Apache
  size: 3104268
  timestamp: 1769556384749
- conda: https://conda.anaconda.org/conda-forge/linux-64/prettier-3.8.1-h7e4c9f4_0.conda
  sha256: 11889a9e414f7c35dc0de59ce195b9b73e65881d5d3bbe7e2e14a59fe47d702e
  md5: 206c0500b835e80dfee8e3ad2e5776ce
  depends:
  - nodejs
  - __glibc >=2.17,<3.0.a0
  - nodejs >=24.12.0,<25.0a0
  license: MIT
  license_family: MIT
  size: 1104787
  timestamp: 1769199236423
- conda: https://conda.anaconda.org/conda-forge/osx-arm64/prettier-3.8.1-h9907cc9_0.conda
  sha256: b4494151f6f758c6d51973a8583fed7f63b186a1dc60e1e86b1dfe0add3e7b73
  md5: d59831f8460836da00ae6441c054e61a
  depends:
  - nodejs
  - __osx >=11.0
  - nodejs >=24.12.0,<25.0a0
  license: MIT
  license_family: MIT
  size: 1104682
  timestamp: 1769199263346
- conda: https://conda.anaconda.org/conda-forge/win-64/prettier-3.8.1-hc95d2ff_0.conda
  sha256: 1f577de6d1508d5f165f5dace34b450bf232c4fcdfa5ac6681ba490aad9ce5a1
  md5: a668826fda9ac0f27d207f866766ce49
  depends:
  - nodejs
  - vc >=14.3,<15
  - vc14_runtime >=14.44.35208
  - ucrt >=10.0.20348.0
  - nodejs >=22.21.1,<23.0a0
  license: MIT
  license_family: MIT
  size: 1105950
  timestamp: 1769199273353
- conda: https://conda.anaconda.org/conda-forge/linux-64/taplo-0.10.0-h2d22210_1.conda
  sha256: 7d313578d79ece2b328084d906958888b5a474326a24833317d95a71e264b219
  md5: a4935b2eea119342f6a9d666e821984d
  depends:
  - __glibc >=2.17,<3.0.a0
  - libgcc >=13
  - openssl >=3.5.0,<4.0a0
  constrains:
  - __glibc >=2.17
  license: MIT
  license_family: MIT
  size: 4319647
  timestamp: 1748302828104
- conda: https://conda.anaconda.org/conda-forge/osx-arm64/taplo-0.10.0-h2b2570c_1.conda
  sha256: c05b9d0bb740f48671d643d0e258639a3e727785b1eb62582385943ddabc5b6b
  md5: 7b818d29210b93c231bc5bb0cd133d3b
  depends:
  - __osx >=11.0
  - openssl >=3.5.0,<4.0a0
  constrains:
  - __osx >=11.0
  license: MIT
  license_family: MIT
  size: 4005794
  timestamp: 1748302845549
- conda: https://conda.anaconda.org/conda-forge/win-64/taplo-0.10.0-h63977a8_1.conda
  sha256: b38dd1dd1fe52d26f739d144a85fd277103320bd8e037b66a299457d5a827a04
  md5: 5fc2fa2f444b00e0f5b1f60a23f2c2f8
  depends:
  - vc >=14.2,<15
  - vc14_runtime >=14.29.30139
  - ucrt >=10.0.20348.0
  - vc >=14.2,<15
  - vc14_runtime >=14.29.30139
  - ucrt >=10.0.20348.0
  license: MIT
  license_family: MIT
  size: 4441127
  timestamp: 1748302918824
- conda: https://conda.anaconda.org/conda-forge/win-64/ucrt-10.0.26100.0-h57928b3_0.conda
  sha256: 3005729dce6f3d3f5ec91dfc49fc75a0095f9cd23bab49efb899657297ac91a5
  md5: 71b24316859acd00bdb8b38f5e2ce328
  constrains:
  - vc14_runtime >=14.29.30037
  - vs2015_runtime >=14.29.30037
  license: LicenseRef-MicrosoftWindowsSDK10
  size: 694692
  timestamp: 1756385147981
- conda: https://conda.anaconda.org/conda-forge/win-64/vc-14.3-h41ae7f8_34.conda
  sha256: 9dc40c2610a6e6727d635c62cced5ef30b7b30123f5ef67d6139e23d21744b3a
  md5: 1e610f2416b6acdd231c5f573d754a0f
  depends:
  - vc14_runtime >=14.44.35208
  track_features:
  - vc14
  license: BSD-3-Clause
  license_family: BSD
  size: 19356
  timestamp: 1767320221521
- conda: https://conda.anaconda.org/conda-forge/win-64/vc14_runtime-14.44.35208-h818238b_34.conda
  sha256: 02732f953292cce179de9b633e74928037fa3741eb5ef91c3f8bae4f761d32a5
  md5: 37eb311485d2d8b2c419449582046a42
  depends:
  - ucrt >=10.0.20348.0
  - vcomp14 14.44.35208 h818238b_34
  constrains:
  - vs2015_runtime 14.44.35208.* *_34
  license: LicenseRef-MicrosoftVisualCpp2015-2022Runtime
  license_family: Proprietary
  size: 683233
  timestamp: 1767320219644
- conda: https://conda.anaconda.org/conda-forge/win-64/vcomp14-14.44.35208-h818238b_34.conda
  sha256: 878d5d10318b119bd98ed3ed874bd467acbe21996e1d81597a1dbf8030ea0ce6
  md5: 242d9f25d2ae60c76b38a5e42858e51d
  depends:
  - ucrt >=10.0.20348.0
  constrains:
  - vs2015_runtime 14.44.35208.* *_34
  license: LicenseRef-MicrosoftVisualCpp2015-2022Runtime
  license_family: Proprietary
  size: 115235
  timestamp: 1767320173250
- conda: https://conda.anaconda.org/conda-forge/linux-64/zstd-1.5.7-hb78ec9c_6.conda
  sha256: 68f0206ca6e98fea941e5717cec780ed2873ffabc0e1ed34428c061e2c6268c7
  md5: 4a13eeac0b5c8e5b8ab496e6c4ddd829
  depends:
  - __glibc >=2.17,<3.0.a0
  - libzlib >=1.3.1,<2.0a0
  license: BSD-3-Clause
  license_family: BSD
  size: 601375
  timestamp: 1764777111296
- conda: https://conda.anaconda.org/conda-forge/osx-arm64/zstd-1.5.7-hbf9d68e_6.conda
  sha256: 9485ba49e8f47d2b597dd399e88f4802e100851b27c21d7525625b0b4025a5d9
  md5: ab136e4c34e97f34fb621d2592a393d8
  depends:
  - __osx >=11.0
  - libzlib >=1.3.1,<2.0a0
  license: BSD-3-Clause
  license_family: BSD
  size: 433413
  timestamp: 1764777166076
